
Microsoft Visual Studio Solution File, Format Version 12.00
# Visual Studio 14
VisualStudioVersion = 14.0.25123.0
MinimumVisualStudioVersion = 10.0.40219.1
Project("{D954291E-2A0B-460D-934E-DC6B0785DB48}") = "ToDoLite", "ToDoLite\ToDoLite\ToDoLite.shproj", "{E60CA313-FC72-4345-ACE2-A5372276C0D9}"
EndProject
Project("{2150E333-8FDC-42A3-9474-1A3956D46DE8}") = "Couchbase", "Couchbase", "{EB05DC15-64BC-4257-86F4-54B6DC132AE8}"
EndProject
Project("{FAE04EC0-301F-11D3-BF4B-00C04F79EFBC}") = "Couchbase.Lite.Android", "Couchbase\src\Couchbase.Lite.Android\Couchbase.Lite.Android.csproj", "{5615E423-D0FD-4F99-A99C-061679615CEE}"
EndProject
Project("{FAE04EC0-301F-11D3-BF4B-00C04F79EFBC}") = "Couchbase.Lite.iOS", "Couchbase\src\Couchbase.Lite.iOS\Couchbase.Lite.iOS.csproj", "{443E1BEE-43B3-45A1-ACEA-F7BA71BDAAB1}"
EndProject
Project("{D954291E-2A0B-460D-934E-DC6B0785DB48}") = "Couchbase.Lite.Shared", "Couchbase\src\Couchbase.Lite.Shared\Couchbase.Lite.Shared.shproj", "{FF87EED7-5DE9-47E9-82F4-D1DF659D1DC2}"
EndProject
Project("{FAE04EC0-301F-11D3-BF4B-00C04F79EFBC}") = "websocket-sharp.ios", "Couchbase\vendor\websocket-sharp\websocket-sharp\websocket-sharp.ios.csproj", "{DCE46CB2-0317-4A62-9613-AE6A240C46DB}"
EndProject
Project("{2150E333-8FDC-42A3-9474-1A3956D46DE8}") = "Android", "Android", "{9F9B7465-A1CA-4DFF-A255-4AD9AC3EB391}"
EndProject
Project("{2150E333-8FDC-42A3-9474-1A3956D46DE8}") = "iOS", "iOS", "{AB2AAF5A-98DC-497A-A90A-2A094DB8B677}"
EndProject
Project("{2150E333-8FDC-42A3-9474-1A3956D46DE8}") = "Shared", "Shared", "{E1B3AB99-61BD-4B31-BF7C-F89C5D913618}"
EndProject
Project("{FAE04EC0-301F-11D3-BF4B-00C04F79EFBC}") = "websocket-sharp.droid", "Couchbase\vendor\websocket-sharp\websocket-sharp\websocket-sharp.droid.csproj", "{E1153FA4-356A-454D-B32E-136102F2482F}"
EndProject
Project("{D954291E-2A0B-460D-934E-DC6B0785DB48}") = "websocket-sharp.shared", "Couchbase\vendor\websocket-sharp\websocket-sharp\websocket-sharp.shared.shproj", "{891A08FC-F143-4325-BC16-B9864D036B99}"
EndProject
Project("{FAE04EC0-301F-11D3-BF4B-00C04F79EFBC}") = "storage.systemsqlite.droid", "Couchbase\src\StorageEngines\SystemSQLite\storage.systemsqlite.droid\storage.systemsqlite.droid.csproj", "{51DC5755-5EDE-45CE-97D2-D45078DA0F3B}"
EndProject
Project("{FAE04EC0-301F-11D3-BF4B-00C04F79EFBC}") = "storage.systemsqlite.ios", "Couchbase\src\StorageEngines\SystemSQLite\storage.systemsqlite.ios\storage.systemsqlite.ios.csproj", "{374A309A-BEC8-4750-BCBF-97895BDFDC13}"
EndProject
Project("{D954291E-2A0B-460D-934E-DC6B0785DB48}") = "storage.sqlite.common", "Couchbase\src\StorageEngines\SQLiteCommon\storage.sqlite.common\storage.sqlite.common.shproj", "{79FC4A01-1E39-468F-8E55-195BC918232E}"
EndProject
Project("{FAE04EC0-301F-11D3-BF4B-00C04F79EFBC}") = "ToDoLite.WPF", "ToDoLite\ToDoLite.WPF\ToDoLite.WPF.csproj", "{52F9B34B-4896-4498-887B-08AB43051D7B}"
EndProject
Project("{2150E333-8FDC-42A3-9474-1A3956D46DE8}") = "Net45", "Net45", "{0AE89D4C-941E-4244-A515-0705FFCE8834}"
EndProject
Project("{FAE04EC0-301F-11D3-BF4B-00C04F79EFBC}") = "Couchbase.Lite.Net45", "Couchbase\src\Couchbase.Lite.Net45\Couchbase.Lite.Net45.csproj", "{C87E0C01-AAD6-46DA-9935-C772C112BB18}"
EndProject
Project("{FAE04EC0-301F-11D3-BF4B-00C04F79EFBC}") = "storage.systemsqlite.net45", "Couchbase\src\StorageEngines\SystemSQLite\storage.systemsqlite.net45\storage.systemsqlite.net45.csproj", "{88BB6717-85C9-46F0-923B-C263C08A189B}"
EndProject
Project("{FAE04EC0-301F-11D3-BF4B-00C04F79EFBC}") = "websocket-sharp", "Couchbase\vendor\websocket-sharp\websocket-sharp\websocket-sharp.csproj", "{B357BAC7-529E-4D81-A0D2-71041B19C8DE}"
EndProject
Project("{FAE04EC0-301F-11D3-BF4B-00C04F79EFBC}") = "ToDoLite.Core", "ToDoLite\ToDoLite.Core\ToDoLite.Core.csproj", "{3BAA0E58-2563-4AB2-8CA9-CF081664E783}"
EndProject
Global
	GlobalSection(SharedMSBuildProjectFiles) = preSolution
		Couchbase\src\Couchbase.Lite.Shared\Couchbase.Lite.Shared.projitems*{5615e423-d0fd-4f99-a99c-061679615cee}*SharedItemsImports = 4
		Couchbase\vendor\websocket-sharp\websocket-sharp\websocket-sharp.shared.projitems*{b357bac7-529e-4d81-a0d2-71041b19c8de}*SharedItemsImports = 4
		Couchbase\src\Couchbase.Lite.Shared\Couchbase.Lite.Shared.projitems*{c87e0c01-aad6-46da-9935-c772c112bb18}*SharedItemsImports = 4
		ToDoLite\ToDoLite\ToDoLite.projitems*{e60ca313-fc72-4345-ace2-a5372276c0d9}*SharedItemsImports = 13
		Couchbase\vendor\websocket-sharp\websocket-sharp\websocket-sharp.shared.projitems*{891a08fc-f143-4325-bc16-b9864d036b99}*SharedItemsImports = 13
		Couchbase\vendor\websocket-sharp\websocket-sharp\websocket-sharp.shared.projitems*{e1153fa4-356a-454d-b32e-136102f2482f}*SharedItemsImports = 4
		Couchbase\src\StorageEngines\SQLiteCommon\storage.sqlite.common\storage.sqlite.common.projitems*{88bb6717-85c9-46f0-923b-c263c08a189b}*SharedItemsImports = 4
		Couchbase\src\StorageEngines\SQLiteCommon\storage.sqlite.common\storage.sqlite.common.projitems*{51dc5755-5ede-45ce-97d2-d45078da0f3b}*SharedItemsImports = 4
		Couchbase\src\Couchbase.Lite.Shared\Couchbase.Lite.Shared.projitems*{443e1bee-43b3-45a1-acea-f7ba71bdaab1}*SharedItemsImports = 4
		ToDoLite\ToDoLite\ToDoLite.projitems*{52f9b34b-4896-4498-887b-08ab43051d7b}*SharedItemsImports = 4
		Couchbase\src\StorageEngines\SQLiteCommon\storage.sqlite.common\storage.sqlite.common.projitems*{374a309a-bec8-4750-bcbf-97895bdfdc13}*SharedItemsImports = 4
		Couchbase\vendor\websocket-sharp\websocket-sharp\websocket-sharp.shared.projitems*{dce46cb2-0317-4a62-9613-ae6a240c46db}*SharedItemsImports = 4
		Couchbase\src\Couchbase.Lite.Shared\Couchbase.Lite.Shared.projitems*{ff87eed7-5de9-47e9-82f4-d1df659d1dc2}*SharedItemsImports = 13
		Couchbase\src\StorageEngines\SQLiteCommon\storage.sqlite.common\storage.sqlite.common.projitems*{79fc4a01-1e39-468f-8e55-195bc918232e}*SharedItemsImports = 13
	EndGlobalSection
	GlobalSection(SolutionConfigurationPlatforms) = preSolution
		Ad-Hoc|Any CPU = Ad-Hoc|Any CPU
		Ad-Hoc|ARM = Ad-Hoc|ARM
		Ad-Hoc|iPhone = Ad-Hoc|iPhone
		Ad-Hoc|iPhoneSimulator = Ad-Hoc|iPhoneSimulator
		Ad-Hoc|x64 = Ad-Hoc|x64
		Ad-Hoc|x86 = Ad-Hoc|x86
		AppStore|Any CPU = AppStore|Any CPU
		AppStore|ARM = AppStore|ARM
		AppStore|iPhone = AppStore|iPhone
		AppStore|iPhoneSimulator = AppStore|iPhoneSimulator
		AppStore|x64 = AppStore|x64
		AppStore|x86 = AppStore|x86
		Debug|Any CPU = Debug|Any CPU
		Debug|ARM = Debug|ARM
		Debug|iPhone = Debug|iPhone
		Debug|iPhoneSimulator = Debug|iPhoneSimulator
		Debug|x64 = Debug|x64
		Debug|x86 = Debug|x86
		Packaging|Any CPU = Packaging|Any CPU
		Packaging|ARM = Packaging|ARM
		Packaging|iPhone = Packaging|iPhone
		Packaging|iPhoneSimulator = Packaging|iPhoneSimulator
		Packaging|x64 = Packaging|x64
		Packaging|x86 = Packaging|x86
		Release|Any CPU = Release|Any CPU
		Release|ARM = Release|ARM
		Release|iPhone = Release|iPhone
		Release|iPhoneSimulator = Release|iPhoneSimulator
		Release|x64 = Release|x64
		Release|x86 = Release|x86
	EndGlobalSection
	GlobalSection(ProjectConfigurationPlatforms) = postSolution
		{5615E423-D0FD-4F99-A99C-061679615CEE}.Ad-Hoc|Any CPU.ActiveCfg = Packaging|Any CPU
		{5615E423-D0FD-4F99-A99C-061679615CEE}.Ad-Hoc|Any CPU.Build.0 = Packaging|Any CPU
		{5615E423-D0FD-4F99-A99C-061679615CEE}.Ad-Hoc|ARM.ActiveCfg = Packaging|Any CPU
		{5615E423-D0FD-4F99-A99C-061679615CEE}.Ad-Hoc|ARM.Build.0 = Packaging|Any CPU
		{5615E423-D0FD-4F99-A99C-061679615CEE}.Ad-Hoc|iPhone.ActiveCfg = Packaging|Any CPU
		{5615E423-D0FD-4F99-A99C-061679615CEE}.Ad-Hoc|iPhone.Build.0 = Packaging|Any CPU
		{5615E423-D0FD-4F99-A99C-061679615CEE}.Ad-Hoc|iPhoneSimulator.ActiveCfg = Packaging|Any CPU
		{5615E423-D0FD-4F99-A99C-061679615CEE}.Ad-Hoc|iPhoneSimulator.Build.0 = Packaging|Any CPU
		{5615E423-D0FD-4F99-A99C-061679615CEE}.Ad-Hoc|x64.ActiveCfg = Packaging|Any CPU
		{5615E423-D0FD-4F99-A99C-061679615CEE}.Ad-Hoc|x64.Build.0 = Packaging|Any CPU
		{5615E423-D0FD-4F99-A99C-061679615CEE}.Ad-Hoc|x86.ActiveCfg = Packaging|Any CPU
		{5615E423-D0FD-4F99-A99C-061679615CEE}.Ad-Hoc|x86.Build.0 = Packaging|Any CPU
		{5615E423-D0FD-4F99-A99C-061679615CEE}.AppStore|Any CPU.ActiveCfg = Packaging|Any CPU
		{5615E423-D0FD-4F99-A99C-061679615CEE}.AppStore|Any CPU.Build.0 = Packaging|Any CPU
		{5615E423-D0FD-4F99-A99C-061679615CEE}.AppStore|ARM.ActiveCfg = Packaging|Any CPU
		{5615E423-D0FD-4F99-A99C-061679615CEE}.AppStore|ARM.Build.0 = Packaging|Any CPU
		{5615E423-D0FD-4F99-A99C-061679615CEE}.AppStore|iPhone.ActiveCfg = Packaging|Any CPU
		{5615E423-D0FD-4F99-A99C-061679615CEE}.AppStore|iPhone.Build.0 = Packaging|Any CPU
		{5615E423-D0FD-4F99-A99C-061679615CEE}.AppStore|iPhoneSimulator.ActiveCfg = Packaging|Any CPU
		{5615E423-D0FD-4F99-A99C-061679615CEE}.AppStore|iPhoneSimulator.Build.0 = Packaging|Any CPU
		{5615E423-D0FD-4F99-A99C-061679615CEE}.AppStore|x64.ActiveCfg = Packaging|Any CPU
		{5615E423-D0FD-4F99-A99C-061679615CEE}.AppStore|x64.Build.0 = Packaging|Any CPU
		{5615E423-D0FD-4F99-A99C-061679615CEE}.AppStore|x86.ActiveCfg = Packaging|Any CPU
		{5615E423-D0FD-4F99-A99C-061679615CEE}.AppStore|x86.Build.0 = Packaging|Any CPU
		{5615E423-D0FD-4F99-A99C-061679615CEE}.Debug|Any CPU.ActiveCfg = Debug|Any CPU
		{5615E423-D0FD-4F99-A99C-061679615CEE}.Debug|Any CPU.Build.0 = Debug|Any CPU
		{5615E423-D0FD-4F99-A99C-061679615CEE}.Debug|ARM.ActiveCfg = Debug|Any CPU
		{5615E423-D0FD-4F99-A99C-061679615CEE}.Debug|ARM.Build.0 = Debug|Any CPU
		{5615E423-D0FD-4F99-A99C-061679615CEE}.Debug|iPhone.ActiveCfg = Debug|Any CPU
		{5615E423-D0FD-4F99-A99C-061679615CEE}.Debug|iPhone.Build.0 = Debug|Any CPU
		{5615E423-D0FD-4F99-A99C-061679615CEE}.Debug|iPhoneSimulator.ActiveCfg = Debug|Any CPU
		{5615E423-D0FD-4F99-A99C-061679615CEE}.Debug|iPhoneSimulator.Build.0 = Debug|Any CPU
		{5615E423-D0FD-4F99-A99C-061679615CEE}.Debug|x64.ActiveCfg = Debug|Any CPU
		{5615E423-D0FD-4F99-A99C-061679615CEE}.Debug|x64.Build.0 = Debug|Any CPU
		{5615E423-D0FD-4F99-A99C-061679615CEE}.Debug|x86.ActiveCfg = Debug|Any CPU
		{5615E423-D0FD-4F99-A99C-061679615CEE}.Debug|x86.Build.0 = Debug|Any CPU
		{5615E423-D0FD-4F99-A99C-061679615CEE}.Packaging|Any CPU.ActiveCfg = Packaging|Any CPU
		{5615E423-D0FD-4F99-A99C-061679615CEE}.Packaging|Any CPU.Build.0 = Packaging|Any CPU
		{5615E423-D0FD-4F99-A99C-061679615CEE}.Packaging|ARM.ActiveCfg = Packaging|Any CPU
		{5615E423-D0FD-4F99-A99C-061679615CEE}.Packaging|ARM.Build.0 = Packaging|Any CPU
		{5615E423-D0FD-4F99-A99C-061679615CEE}.Packaging|iPhone.ActiveCfg = Packaging|Any CPU
		{5615E423-D0FD-4F99-A99C-061679615CEE}.Packaging|iPhone.Build.0 = Packaging|Any CPU
		{5615E423-D0FD-4F99-A99C-061679615CEE}.Packaging|iPhoneSimulator.ActiveCfg = Packaging|Any CPU
		{5615E423-D0FD-4F99-A99C-061679615CEE}.Packaging|iPhoneSimulator.Build.0 = Packaging|Any CPU
		{5615E423-D0FD-4F99-A99C-061679615CEE}.Packaging|x64.ActiveCfg = Packaging|Any CPU
		{5615E423-D0FD-4F99-A99C-061679615CEE}.Packaging|x64.Build.0 = Packaging|Any CPU
		{5615E423-D0FD-4F99-A99C-061679615CEE}.Packaging|x86.ActiveCfg = Packaging|Any CPU
		{5615E423-D0FD-4F99-A99C-061679615CEE}.Packaging|x86.Build.0 = Packaging|Any CPU
		{5615E423-D0FD-4F99-A99C-061679615CEE}.Release|Any CPU.ActiveCfg = Release|Any CPU
		{5615E423-D0FD-4F99-A99C-061679615CEE}.Release|Any CPU.Build.0 = Release|Any CPU
		{5615E423-D0FD-4F99-A99C-061679615CEE}.Release|ARM.ActiveCfg = Release|Any CPU
		{5615E423-D0FD-4F99-A99C-061679615CEE}.Release|ARM.Build.0 = Release|Any CPU
		{5615E423-D0FD-4F99-A99C-061679615CEE}.Release|iPhone.ActiveCfg = Release|Any CPU
		{5615E423-D0FD-4F99-A99C-061679615CEE}.Release|iPhone.Build.0 = Release|Any CPU
		{5615E423-D0FD-4F99-A99C-061679615CEE}.Release|iPhoneSimulator.ActiveCfg = Release|Any CPU
		{5615E423-D0FD-4F99-A99C-061679615CEE}.Release|iPhoneSimulator.Build.0 = Release|Any CPU
		{5615E423-D0FD-4F99-A99C-061679615CEE}.Release|x64.ActiveCfg = Release|Any CPU
		{5615E423-D0FD-4F99-A99C-061679615CEE}.Release|x64.Build.0 = Release|Any CPU
		{5615E423-D0FD-4F99-A99C-061679615CEE}.Release|x86.ActiveCfg = Release|Any CPU
		{5615E423-D0FD-4F99-A99C-061679615CEE}.Release|x86.Build.0 = Release|Any CPU
		{443E1BEE-43B3-45A1-ACEA-F7BA71BDAAB1}.Ad-Hoc|Any CPU.ActiveCfg = Packaging|Any CPU
		{443E1BEE-43B3-45A1-ACEA-F7BA71BDAAB1}.Ad-Hoc|Any CPU.Build.0 = Packaging|Any CPU
		{443E1BEE-43B3-45A1-ACEA-F7BA71BDAAB1}.Ad-Hoc|ARM.ActiveCfg = Packaging|Any CPU
		{443E1BEE-43B3-45A1-ACEA-F7BA71BDAAB1}.Ad-Hoc|ARM.Build.0 = Packaging|Any CPU
		{443E1BEE-43B3-45A1-ACEA-F7BA71BDAAB1}.Ad-Hoc|iPhone.ActiveCfg = Packaging|Any CPU
		{443E1BEE-43B3-45A1-ACEA-F7BA71BDAAB1}.Ad-Hoc|iPhone.Build.0 = Packaging|Any CPU
		{443E1BEE-43B3-45A1-ACEA-F7BA71BDAAB1}.Ad-Hoc|iPhoneSimulator.ActiveCfg = Packaging|Any CPU
		{443E1BEE-43B3-45A1-ACEA-F7BA71BDAAB1}.Ad-Hoc|iPhoneSimulator.Build.0 = Packaging|Any CPU
		{443E1BEE-43B3-45A1-ACEA-F7BA71BDAAB1}.Ad-Hoc|x64.ActiveCfg = Packaging|Any CPU
		{443E1BEE-43B3-45A1-ACEA-F7BA71BDAAB1}.Ad-Hoc|x64.Build.0 = Packaging|Any CPU
		{443E1BEE-43B3-45A1-ACEA-F7BA71BDAAB1}.Ad-Hoc|x86.ActiveCfg = Packaging|Any CPU
		{443E1BEE-43B3-45A1-ACEA-F7BA71BDAAB1}.Ad-Hoc|x86.Build.0 = Packaging|Any CPU
		{443E1BEE-43B3-45A1-ACEA-F7BA71BDAAB1}.AppStore|Any CPU.ActiveCfg = Packaging|Any CPU
		{443E1BEE-43B3-45A1-ACEA-F7BA71BDAAB1}.AppStore|Any CPU.Build.0 = Packaging|Any CPU
		{443E1BEE-43B3-45A1-ACEA-F7BA71BDAAB1}.AppStore|ARM.ActiveCfg = Packaging|Any CPU
		{443E1BEE-43B3-45A1-ACEA-F7BA71BDAAB1}.AppStore|ARM.Build.0 = Packaging|Any CPU
		{443E1BEE-43B3-45A1-ACEA-F7BA71BDAAB1}.AppStore|iPhone.ActiveCfg = Packaging|Any CPU
		{443E1BEE-43B3-45A1-ACEA-F7BA71BDAAB1}.AppStore|iPhone.Build.0 = Packaging|Any CPU
		{443E1BEE-43B3-45A1-ACEA-F7BA71BDAAB1}.AppStore|iPhoneSimulator.ActiveCfg = Packaging|Any CPU
		{443E1BEE-43B3-45A1-ACEA-F7BA71BDAAB1}.AppStore|iPhoneSimulator.Build.0 = Packaging|Any CPU
		{443E1BEE-43B3-45A1-ACEA-F7BA71BDAAB1}.AppStore|x64.ActiveCfg = Packaging|Any CPU
		{443E1BEE-43B3-45A1-ACEA-F7BA71BDAAB1}.AppStore|x64.Build.0 = Packaging|Any CPU
		{443E1BEE-43B3-45A1-ACEA-F7BA71BDAAB1}.AppStore|x86.ActiveCfg = Packaging|Any CPU
		{443E1BEE-43B3-45A1-ACEA-F7BA71BDAAB1}.AppStore|x86.Build.0 = Packaging|Any CPU
		{443E1BEE-43B3-45A1-ACEA-F7BA71BDAAB1}.Debug|Any CPU.ActiveCfg = Debug|Any CPU
		{443E1BEE-43B3-45A1-ACEA-F7BA71BDAAB1}.Debug|Any CPU.Build.0 = Debug|Any CPU
		{443E1BEE-43B3-45A1-ACEA-F7BA71BDAAB1}.Debug|ARM.ActiveCfg = Debug|Any CPU
		{443E1BEE-43B3-45A1-ACEA-F7BA71BDAAB1}.Debug|ARM.Build.0 = Debug|Any CPU
		{443E1BEE-43B3-45A1-ACEA-F7BA71BDAAB1}.Debug|iPhone.ActiveCfg = Debug|Any CPU
		{443E1BEE-43B3-45A1-ACEA-F7BA71BDAAB1}.Debug|iPhone.Build.0 = Debug|Any CPU
		{443E1BEE-43B3-45A1-ACEA-F7BA71BDAAB1}.Debug|iPhoneSimulator.ActiveCfg = Debug|Any CPU
		{443E1BEE-43B3-45A1-ACEA-F7BA71BDAAB1}.Debug|iPhoneSimulator.Build.0 = Debug|Any CPU
		{443E1BEE-43B3-45A1-ACEA-F7BA71BDAAB1}.Debug|x64.ActiveCfg = Debug|Any CPU
		{443E1BEE-43B3-45A1-ACEA-F7BA71BDAAB1}.Debug|x64.Build.0 = Debug|Any CPU
		{443E1BEE-43B3-45A1-ACEA-F7BA71BDAAB1}.Debug|x86.ActiveCfg = Debug|Any CPU
		{443E1BEE-43B3-45A1-ACEA-F7BA71BDAAB1}.Debug|x86.Build.0 = Debug|Any CPU
		{443E1BEE-43B3-45A1-ACEA-F7BA71BDAAB1}.Packaging|Any CPU.ActiveCfg = Packaging|Any CPU
		{443E1BEE-43B3-45A1-ACEA-F7BA71BDAAB1}.Packaging|Any CPU.Build.0 = Packaging|Any CPU
		{443E1BEE-43B3-45A1-ACEA-F7BA71BDAAB1}.Packaging|ARM.ActiveCfg = Packaging|Any CPU
		{443E1BEE-43B3-45A1-ACEA-F7BA71BDAAB1}.Packaging|ARM.Build.0 = Packaging|Any CPU
		{443E1BEE-43B3-45A1-ACEA-F7BA71BDAAB1}.Packaging|iPhone.ActiveCfg = Packaging|Any CPU
		{443E1BEE-43B3-45A1-ACEA-F7BA71BDAAB1}.Packaging|iPhone.Build.0 = Packaging|Any CPU
		{443E1BEE-43B3-45A1-ACEA-F7BA71BDAAB1}.Packaging|iPhoneSimulator.ActiveCfg = Packaging|Any CPU
		{443E1BEE-43B3-45A1-ACEA-F7BA71BDAAB1}.Packaging|iPhoneSimulator.Build.0 = Packaging|Any CPU
		{443E1BEE-43B3-45A1-ACEA-F7BA71BDAAB1}.Packaging|x64.ActiveCfg = Packaging|Any CPU
		{443E1BEE-43B3-45A1-ACEA-F7BA71BDAAB1}.Packaging|x64.Build.0 = Packaging|Any CPU
		{443E1BEE-43B3-45A1-ACEA-F7BA71BDAAB1}.Packaging|x86.ActiveCfg = Packaging|Any CPU
		{443E1BEE-43B3-45A1-ACEA-F7BA71BDAAB1}.Packaging|x86.Build.0 = Packaging|Any CPU
		{443E1BEE-43B3-45A1-ACEA-F7BA71BDAAB1}.Release|Any CPU.ActiveCfg = Release|Any CPU
		{443E1BEE-43B3-45A1-ACEA-F7BA71BDAAB1}.Release|Any CPU.Build.0 = Release|Any CPU
		{443E1BEE-43B3-45A1-ACEA-F7BA71BDAAB1}.Release|ARM.ActiveCfg = Release|Any CPU
		{443E1BEE-43B3-45A1-ACEA-F7BA71BDAAB1}.Release|ARM.Build.0 = Release|Any CPU
		{443E1BEE-43B3-45A1-ACEA-F7BA71BDAAB1}.Release|iPhone.ActiveCfg = Release|Any CPU
		{443E1BEE-43B3-45A1-ACEA-F7BA71BDAAB1}.Release|iPhone.Build.0 = Release|Any CPU
		{443E1BEE-43B3-45A1-ACEA-F7BA71BDAAB1}.Release|iPhoneSimulator.ActiveCfg = Release|Any CPU
		{443E1BEE-43B3-45A1-ACEA-F7BA71BDAAB1}.Release|iPhoneSimulator.Build.0 = Release|Any CPU
		{443E1BEE-43B3-45A1-ACEA-F7BA71BDAAB1}.Release|x64.ActiveCfg = Release|Any CPU
		{443E1BEE-43B3-45A1-ACEA-F7BA71BDAAB1}.Release|x64.Build.0 = Release|Any CPU
		{443E1BEE-43B3-45A1-ACEA-F7BA71BDAAB1}.Release|x86.ActiveCfg = Release|Any CPU
		{443E1BEE-43B3-45A1-ACEA-F7BA71BDAAB1}.Release|x86.Build.0 = Release|Any CPU
		{DCE46CB2-0317-4A62-9613-AE6A240C46DB}.Ad-Hoc|Any CPU.ActiveCfg = Release|Any CPU
		{DCE46CB2-0317-4A62-9613-AE6A240C46DB}.Ad-Hoc|Any CPU.Build.0 = Release|Any CPU
		{DCE46CB2-0317-4A62-9613-AE6A240C46DB}.Ad-Hoc|ARM.ActiveCfg = Release|Any CPU
		{DCE46CB2-0317-4A62-9613-AE6A240C46DB}.Ad-Hoc|ARM.Build.0 = Release|Any CPU
		{DCE46CB2-0317-4A62-9613-AE6A240C46DB}.Ad-Hoc|iPhone.ActiveCfg = Release|Any CPU
		{DCE46CB2-0317-4A62-9613-AE6A240C46DB}.Ad-Hoc|iPhone.Build.0 = Release|Any CPU
		{DCE46CB2-0317-4A62-9613-AE6A240C46DB}.Ad-Hoc|iPhoneSimulator.ActiveCfg = Release|Any CPU
		{DCE46CB2-0317-4A62-9613-AE6A240C46DB}.Ad-Hoc|iPhoneSimulator.Build.0 = Release|Any CPU
		{DCE46CB2-0317-4A62-9613-AE6A240C46DB}.Ad-Hoc|x64.ActiveCfg = Release|Any CPU
		{DCE46CB2-0317-4A62-9613-AE6A240C46DB}.Ad-Hoc|x64.Build.0 = Release|Any CPU
		{DCE46CB2-0317-4A62-9613-AE6A240C46DB}.Ad-Hoc|x86.ActiveCfg = Release|Any CPU
		{DCE46CB2-0317-4A62-9613-AE6A240C46DB}.Ad-Hoc|x86.Build.0 = Release|Any CPU
		{DCE46CB2-0317-4A62-9613-AE6A240C46DB}.AppStore|Any CPU.ActiveCfg = Release|Any CPU
		{DCE46CB2-0317-4A62-9613-AE6A240C46DB}.AppStore|Any CPU.Build.0 = Release|Any CPU
		{DCE46CB2-0317-4A62-9613-AE6A240C46DB}.AppStore|ARM.ActiveCfg = Release|Any CPU
		{DCE46CB2-0317-4A62-9613-AE6A240C46DB}.AppStore|ARM.Build.0 = Release|Any CPU
		{DCE46CB2-0317-4A62-9613-AE6A240C46DB}.AppStore|iPhone.ActiveCfg = Release|Any CPU
		{DCE46CB2-0317-4A62-9613-AE6A240C46DB}.AppStore|iPhone.Build.0 = Release|Any CPU
		{DCE46CB2-0317-4A62-9613-AE6A240C46DB}.AppStore|iPhoneSimulator.ActiveCfg = Release|Any CPU
		{DCE46CB2-0317-4A62-9613-AE6A240C46DB}.AppStore|iPhoneSimulator.Build.0 = Release|Any CPU
		{DCE46CB2-0317-4A62-9613-AE6A240C46DB}.AppStore|x64.ActiveCfg = Release|Any CPU
		{DCE46CB2-0317-4A62-9613-AE6A240C46DB}.AppStore|x64.Build.0 = Release|Any CPU
		{DCE46CB2-0317-4A62-9613-AE6A240C46DB}.AppStore|x86.ActiveCfg = Release|Any CPU
		{DCE46CB2-0317-4A62-9613-AE6A240C46DB}.AppStore|x86.Build.0 = Release|Any CPU
		{DCE46CB2-0317-4A62-9613-AE6A240C46DB}.Debug|Any CPU.ActiveCfg = Debug|Any CPU
		{DCE46CB2-0317-4A62-9613-AE6A240C46DB}.Debug|Any CPU.Build.0 = Debug|Any CPU
		{DCE46CB2-0317-4A62-9613-AE6A240C46DB}.Debug|ARM.ActiveCfg = Debug|Any CPU
		{DCE46CB2-0317-4A62-9613-AE6A240C46DB}.Debug|ARM.Build.0 = Debug|Any CPU
		{DCE46CB2-0317-4A62-9613-AE6A240C46DB}.Debug|iPhone.ActiveCfg = Debug|Any CPU
		{DCE46CB2-0317-4A62-9613-AE6A240C46DB}.Debug|iPhone.Build.0 = Debug|Any CPU
		{DCE46CB2-0317-4A62-9613-AE6A240C46DB}.Debug|iPhoneSimulator.ActiveCfg = Debug|Any CPU
		{DCE46CB2-0317-4A62-9613-AE6A240C46DB}.Debug|iPhoneSimulator.Build.0 = Debug|Any CPU
		{DCE46CB2-0317-4A62-9613-AE6A240C46DB}.Debug|x64.ActiveCfg = Debug|Any CPU
		{DCE46CB2-0317-4A62-9613-AE6A240C46DB}.Debug|x64.Build.0 = Debug|Any CPU
		{DCE46CB2-0317-4A62-9613-AE6A240C46DB}.Debug|x86.ActiveCfg = Debug|Any CPU
		{DCE46CB2-0317-4A62-9613-AE6A240C46DB}.Debug|x86.Build.0 = Debug|Any CPU
		{DCE46CB2-0317-4A62-9613-AE6A240C46DB}.Packaging|Any CPU.ActiveCfg = Release|Any CPU
		{DCE46CB2-0317-4A62-9613-AE6A240C46DB}.Packaging|Any CPU.Build.0 = Release|Any CPU
		{DCE46CB2-0317-4A62-9613-AE6A240C46DB}.Packaging|ARM.ActiveCfg = Release|Any CPU
		{DCE46CB2-0317-4A62-9613-AE6A240C46DB}.Packaging|ARM.Build.0 = Release|Any CPU
		{DCE46CB2-0317-4A62-9613-AE6A240C46DB}.Packaging|iPhone.ActiveCfg = Release|Any CPU
		{DCE46CB2-0317-4A62-9613-AE6A240C46DB}.Packaging|iPhone.Build.0 = Release|Any CPU
		{DCE46CB2-0317-4A62-9613-AE6A240C46DB}.Packaging|iPhoneSimulator.ActiveCfg = Release|Any CPU
		{DCE46CB2-0317-4A62-9613-AE6A240C46DB}.Packaging|iPhoneSimulator.Build.0 = Release|Any CPU
		{DCE46CB2-0317-4A62-9613-AE6A240C46DB}.Packaging|x64.ActiveCfg = Release|Any CPU
		{DCE46CB2-0317-4A62-9613-AE6A240C46DB}.Packaging|x64.Build.0 = Release|Any CPU
		{DCE46CB2-0317-4A62-9613-AE6A240C46DB}.Packaging|x86.ActiveCfg = Release|Any CPU
		{DCE46CB2-0317-4A62-9613-AE6A240C46DB}.Packaging|x86.Build.0 = Release|Any CPU
		{DCE46CB2-0317-4A62-9613-AE6A240C46DB}.Release|Any CPU.ActiveCfg = Release|Any CPU
		{DCE46CB2-0317-4A62-9613-AE6A240C46DB}.Release|Any CPU.Build.0 = Release|Any CPU
		{DCE46CB2-0317-4A62-9613-AE6A240C46DB}.Release|ARM.ActiveCfg = Release|Any CPU
		{DCE46CB2-0317-4A62-9613-AE6A240C46DB}.Release|ARM.Build.0 = Release|Any CPU
		{DCE46CB2-0317-4A62-9613-AE6A240C46DB}.Release|iPhone.ActiveCfg = Release|Any CPU
		{DCE46CB2-0317-4A62-9613-AE6A240C46DB}.Release|iPhone.Build.0 = Release|Any CPU
		{DCE46CB2-0317-4A62-9613-AE6A240C46DB}.Release|iPhoneSimulator.ActiveCfg = Release|Any CPU
		{DCE46CB2-0317-4A62-9613-AE6A240C46DB}.Release|iPhoneSimulator.Build.0 = Release|Any CPU
		{DCE46CB2-0317-4A62-9613-AE6A240C46DB}.Release|x64.ActiveCfg = Release|Any CPU
		{DCE46CB2-0317-4A62-9613-AE6A240C46DB}.Release|x64.Build.0 = Release|Any CPU
		{DCE46CB2-0317-4A62-9613-AE6A240C46DB}.Release|x86.ActiveCfg = Release|Any CPU
		{DCE46CB2-0317-4A62-9613-AE6A240C46DB}.Release|x86.Build.0 = Release|Any CPU
		{E1153FA4-356A-454D-B32E-136102F2482F}.Ad-Hoc|Any CPU.ActiveCfg = Release|Any CPU
		{E1153FA4-356A-454D-B32E-136102F2482F}.Ad-Hoc|Any CPU.Build.0 = Release|Any CPU
		{E1153FA4-356A-454D-B32E-136102F2482F}.Ad-Hoc|ARM.ActiveCfg = Release|Any CPU
		{E1153FA4-356A-454D-B32E-136102F2482F}.Ad-Hoc|ARM.Build.0 = Release|Any CPU
		{E1153FA4-356A-454D-B32E-136102F2482F}.Ad-Hoc|iPhone.ActiveCfg = Release|Any CPU
		{E1153FA4-356A-454D-B32E-136102F2482F}.Ad-Hoc|iPhone.Build.0 = Release|Any CPU
		{E1153FA4-356A-454D-B32E-136102F2482F}.Ad-Hoc|iPhoneSimulator.ActiveCfg = Release|Any CPU
		{E1153FA4-356A-454D-B32E-136102F2482F}.Ad-Hoc|iPhoneSimulator.Build.0 = Release|Any CPU
		{E1153FA4-356A-454D-B32E-136102F2482F}.Ad-Hoc|x64.ActiveCfg = Release|Any CPU
		{E1153FA4-356A-454D-B32E-136102F2482F}.Ad-Hoc|x64.Build.0 = Release|Any CPU
		{E1153FA4-356A-454D-B32E-136102F2482F}.Ad-Hoc|x86.ActiveCfg = Release|Any CPU
		{E1153FA4-356A-454D-B32E-136102F2482F}.Ad-Hoc|x86.Build.0 = Release|Any CPU
		{E1153FA4-356A-454D-B32E-136102F2482F}.AppStore|Any CPU.ActiveCfg = Release|Any CPU
		{E1153FA4-356A-454D-B32E-136102F2482F}.AppStore|Any CPU.Build.0 = Release|Any CPU
		{E1153FA4-356A-454D-B32E-136102F2482F}.AppStore|ARM.ActiveCfg = Release|Any CPU
		{E1153FA4-356A-454D-B32E-136102F2482F}.AppStore|ARM.Build.0 = Release|Any CPU
		{E1153FA4-356A-454D-B32E-136102F2482F}.AppStore|iPhone.ActiveCfg = Release|Any CPU
		{E1153FA4-356A-454D-B32E-136102F2482F}.AppStore|iPhone.Build.0 = Release|Any CPU
		{E1153FA4-356A-454D-B32E-136102F2482F}.AppStore|iPhoneSimulator.ActiveCfg = Release|Any CPU
		{E1153FA4-356A-454D-B32E-136102F2482F}.AppStore|iPhoneSimulator.Build.0 = Release|Any CPU
		{E1153FA4-356A-454D-B32E-136102F2482F}.AppStore|x64.ActiveCfg = Release|Any CPU
		{E1153FA4-356A-454D-B32E-136102F2482F}.AppStore|x64.Build.0 = Release|Any CPU
		{E1153FA4-356A-454D-B32E-136102F2482F}.AppStore|x86.ActiveCfg = Release|Any CPU
		{E1153FA4-356A-454D-B32E-136102F2482F}.AppStore|x86.Build.0 = Release|Any CPU
		{E1153FA4-356A-454D-B32E-136102F2482F}.Debug|Any CPU.ActiveCfg = Debug|Any CPU
		{E1153FA4-356A-454D-B32E-136102F2482F}.Debug|Any CPU.Build.0 = Debug|Any CPU
		{E1153FA4-356A-454D-B32E-136102F2482F}.Debug|ARM.ActiveCfg = Debug|Any CPU
		{E1153FA4-356A-454D-B32E-136102F2482F}.Debug|ARM.Build.0 = Debug|Any CPU
		{E1153FA4-356A-454D-B32E-136102F2482F}.Debug|iPhone.ActiveCfg = Debug|Any CPU
		{E1153FA4-356A-454D-B32E-136102F2482F}.Debug|iPhone.Build.0 = Debug|Any CPU
		{E1153FA4-356A-454D-B32E-136102F2482F}.Debug|iPhoneSimulator.ActiveCfg = Debug|Any CPU
		{E1153FA4-356A-454D-B32E-136102F2482F}.Debug|iPhoneSimulator.Build.0 = Debug|Any CPU
		{E1153FA4-356A-454D-B32E-136102F2482F}.Debug|x64.ActiveCfg = Debug|Any CPU
		{E1153FA4-356A-454D-B32E-136102F2482F}.Debug|x64.Build.0 = Debug|Any CPU
		{E1153FA4-356A-454D-B32E-136102F2482F}.Debug|x86.ActiveCfg = Debug|Any CPU
		{E1153FA4-356A-454D-B32E-136102F2482F}.Debug|x86.Build.0 = Debug|Any CPU
		{E1153FA4-356A-454D-B32E-136102F2482F}.Packaging|Any CPU.ActiveCfg = Release|Any CPU
		{E1153FA4-356A-454D-B32E-136102F2482F}.Packaging|Any CPU.Build.0 = Release|Any CPU
		{E1153FA4-356A-454D-B32E-136102F2482F}.Packaging|ARM.ActiveCfg = Release|Any CPU
		{E1153FA4-356A-454D-B32E-136102F2482F}.Packaging|ARM.Build.0 = Release|Any CPU
		{E1153FA4-356A-454D-B32E-136102F2482F}.Packaging|iPhone.ActiveCfg = Release|Any CPU
		{E1153FA4-356A-454D-B32E-136102F2482F}.Packaging|iPhone.Build.0 = Release|Any CPU
		{E1153FA4-356A-454D-B32E-136102F2482F}.Packaging|iPhoneSimulator.ActiveCfg = Release|Any CPU
		{E1153FA4-356A-454D-B32E-136102F2482F}.Packaging|iPhoneSimulator.Build.0 = Release|Any CPU
		{E1153FA4-356A-454D-B32E-136102F2482F}.Packaging|x64.ActiveCfg = Release|Any CPU
		{E1153FA4-356A-454D-B32E-136102F2482F}.Packaging|x64.Build.0 = Release|Any CPU
		{E1153FA4-356A-454D-B32E-136102F2482F}.Packaging|x86.ActiveCfg = Release|Any CPU
		{E1153FA4-356A-454D-B32E-136102F2482F}.Packaging|x86.Build.0 = Release|Any CPU
		{E1153FA4-356A-454D-B32E-136102F2482F}.Release|Any CPU.ActiveCfg = Release|Any CPU
		{E1153FA4-356A-454D-B32E-136102F2482F}.Release|Any CPU.Build.0 = Release|Any CPU
		{E1153FA4-356A-454D-B32E-136102F2482F}.Release|ARM.ActiveCfg = Release|Any CPU
		{E1153FA4-356A-454D-B32E-136102F2482F}.Release|ARM.Build.0 = Release|Any CPU
		{E1153FA4-356A-454D-B32E-136102F2482F}.Release|iPhone.ActiveCfg = Release|Any CPU
		{E1153FA4-356A-454D-B32E-136102F2482F}.Release|iPhone.Build.0 = Release|Any CPU
		{E1153FA4-356A-454D-B32E-136102F2482F}.Release|iPhoneSimulator.ActiveCfg = Release|Any CPU
		{E1153FA4-356A-454D-B32E-136102F2482F}.Release|iPhoneSimulator.Build.0 = Release|Any CPU
		{E1153FA4-356A-454D-B32E-136102F2482F}.Release|x64.ActiveCfg = Release|Any CPU
		{E1153FA4-356A-454D-B32E-136102F2482F}.Release|x64.Build.0 = Release|Any CPU
		{E1153FA4-356A-454D-B32E-136102F2482F}.Release|x86.ActiveCfg = Release|Any CPU
		{E1153FA4-356A-454D-B32E-136102F2482F}.Release|x86.Build.0 = Release|Any CPU
		{51DC5755-5EDE-45CE-97D2-D45078DA0F3B}.Ad-Hoc|Any CPU.ActiveCfg = Release|Any CPU
		{51DC5755-5EDE-45CE-97D2-D45078DA0F3B}.Ad-Hoc|Any CPU.Build.0 = Release|Any CPU
		{51DC5755-5EDE-45CE-97D2-D45078DA0F3B}.Ad-Hoc|ARM.ActiveCfg = Release|Any CPU
		{51DC5755-5EDE-45CE-97D2-D45078DA0F3B}.Ad-Hoc|ARM.Build.0 = Release|Any CPU
		{51DC5755-5EDE-45CE-97D2-D45078DA0F3B}.Ad-Hoc|iPhone.ActiveCfg = Release|Any CPU
		{51DC5755-5EDE-45CE-97D2-D45078DA0F3B}.Ad-Hoc|iPhone.Build.0 = Release|Any CPU
		{51DC5755-5EDE-45CE-97D2-D45078DA0F3B}.Ad-Hoc|iPhoneSimulator.ActiveCfg = Release|Any CPU
		{51DC5755-5EDE-45CE-97D2-D45078DA0F3B}.Ad-Hoc|iPhoneSimulator.Build.0 = Release|Any CPU
		{51DC5755-5EDE-45CE-97D2-D45078DA0F3B}.Ad-Hoc|x64.ActiveCfg = Release|Any CPU
		{51DC5755-5EDE-45CE-97D2-D45078DA0F3B}.Ad-Hoc|x64.Build.0 = Release|Any CPU
		{51DC5755-5EDE-45CE-97D2-D45078DA0F3B}.Ad-Hoc|x86.ActiveCfg = Release|Any CPU
		{51DC5755-5EDE-45CE-97D2-D45078DA0F3B}.Ad-Hoc|x86.Build.0 = Release|Any CPU
		{51DC5755-5EDE-45CE-97D2-D45078DA0F3B}.AppStore|Any CPU.ActiveCfg = Release|Any CPU
		{51DC5755-5EDE-45CE-97D2-D45078DA0F3B}.AppStore|Any CPU.Build.0 = Release|Any CPU
		{51DC5755-5EDE-45CE-97D2-D45078DA0F3B}.AppStore|ARM.ActiveCfg = Release|Any CPU
		{51DC5755-5EDE-45CE-97D2-D45078DA0F3B}.AppStore|ARM.Build.0 = Release|Any CPU
		{51DC5755-5EDE-45CE-97D2-D45078DA0F3B}.AppStore|iPhone.ActiveCfg = Release|Any CPU
		{51DC5755-5EDE-45CE-97D2-D45078DA0F3B}.AppStore|iPhone.Build.0 = Release|Any CPU
		{51DC5755-5EDE-45CE-97D2-D45078DA0F3B}.AppStore|iPhoneSimulator.ActiveCfg = Release|Any CPU
		{51DC5755-5EDE-45CE-97D2-D45078DA0F3B}.AppStore|iPhoneSimulator.Build.0 = Release|Any CPU
		{51DC5755-5EDE-45CE-97D2-D45078DA0F3B}.AppStore|x64.ActiveCfg = Release|Any CPU
		{51DC5755-5EDE-45CE-97D2-D45078DA0F3B}.AppStore|x64.Build.0 = Release|Any CPU
		{51DC5755-5EDE-45CE-97D2-D45078DA0F3B}.AppStore|x86.ActiveCfg = Release|Any CPU
		{51DC5755-5EDE-45CE-97D2-D45078DA0F3B}.AppStore|x86.Build.0 = Release|Any CPU
		{51DC5755-5EDE-45CE-97D2-D45078DA0F3B}.Debug|Any CPU.ActiveCfg = Debug|Any CPU
		{51DC5755-5EDE-45CE-97D2-D45078DA0F3B}.Debug|Any CPU.Build.0 = Debug|Any CPU
		{51DC5755-5EDE-45CE-97D2-D45078DA0F3B}.Debug|ARM.ActiveCfg = Debug|Any CPU
		{51DC5755-5EDE-45CE-97D2-D45078DA0F3B}.Debug|ARM.Build.0 = Debug|Any CPU
		{51DC5755-5EDE-45CE-97D2-D45078DA0F3B}.Debug|iPhone.ActiveCfg = Debug|Any CPU
		{51DC5755-5EDE-45CE-97D2-D45078DA0F3B}.Debug|iPhone.Build.0 = Debug|Any CPU
		{51DC5755-5EDE-45CE-97D2-D45078DA0F3B}.Debug|iPhoneSimulator.ActiveCfg = Debug|Any CPU
		{51DC5755-5EDE-45CE-97D2-D45078DA0F3B}.Debug|iPhoneSimulator.Build.0 = Debug|Any CPU
		{51DC5755-5EDE-45CE-97D2-D45078DA0F3B}.Debug|x64.ActiveCfg = Debug|Any CPU
		{51DC5755-5EDE-45CE-97D2-D45078DA0F3B}.Debug|x64.Build.0 = Debug|Any CPU
		{51DC5755-5EDE-45CE-97D2-D45078DA0F3B}.Debug|x86.ActiveCfg = Debug|Any CPU
		{51DC5755-5EDE-45CE-97D2-D45078DA0F3B}.Debug|x86.Build.0 = Debug|Any CPU
		{51DC5755-5EDE-45CE-97D2-D45078DA0F3B}.Packaging|Any CPU.ActiveCfg = Packaging|Any CPU
		{51DC5755-5EDE-45CE-97D2-D45078DA0F3B}.Packaging|Any CPU.Build.0 = Packaging|Any CPU
		{51DC5755-5EDE-45CE-97D2-D45078DA0F3B}.Packaging|ARM.ActiveCfg = Packaging|Any CPU
		{51DC5755-5EDE-45CE-97D2-D45078DA0F3B}.Packaging|ARM.Build.0 = Packaging|Any CPU
		{51DC5755-5EDE-45CE-97D2-D45078DA0F3B}.Packaging|iPhone.ActiveCfg = Packaging|Any CPU
		{51DC5755-5EDE-45CE-97D2-D45078DA0F3B}.Packaging|iPhone.Build.0 = Packaging|Any CPU
		{51DC5755-5EDE-45CE-97D2-D45078DA0F3B}.Packaging|iPhoneSimulator.ActiveCfg = Packaging|Any CPU
		{51DC5755-5EDE-45CE-97D2-D45078DA0F3B}.Packaging|iPhoneSimulator.Build.0 = Packaging|Any CPU
		{51DC5755-5EDE-45CE-97D2-D45078DA0F3B}.Packaging|x64.ActiveCfg = Packaging|Any CPU
		{51DC5755-5EDE-45CE-97D2-D45078DA0F3B}.Packaging|x64.Build.0 = Packaging|Any CPU
		{51DC5755-5EDE-45CE-97D2-D45078DA0F3B}.Packaging|x86.ActiveCfg = Packaging|Any CPU
		{51DC5755-5EDE-45CE-97D2-D45078DA0F3B}.Packaging|x86.Build.0 = Packaging|Any CPU
		{51DC5755-5EDE-45CE-97D2-D45078DA0F3B}.Release|Any CPU.ActiveCfg = Release|Any CPU
		{51DC5755-5EDE-45CE-97D2-D45078DA0F3B}.Release|Any CPU.Build.0 = Release|Any CPU
		{51DC5755-5EDE-45CE-97D2-D45078DA0F3B}.Release|ARM.ActiveCfg = Release|Any CPU
		{51DC5755-5EDE-45CE-97D2-D45078DA0F3B}.Release|ARM.Build.0 = Release|Any CPU
		{51DC5755-5EDE-45CE-97D2-D45078DA0F3B}.Release|iPhone.ActiveCfg = Release|Any CPU
		{51DC5755-5EDE-45CE-97D2-D45078DA0F3B}.Release|iPhone.Build.0 = Release|Any CPU
		{51DC5755-5EDE-45CE-97D2-D45078DA0F3B}.Release|iPhoneSimulator.ActiveCfg = Release|Any CPU
		{51DC5755-5EDE-45CE-97D2-D45078DA0F3B}.Release|iPhoneSimulator.Build.0 = Release|Any CPU
		{51DC5755-5EDE-45CE-97D2-D45078DA0F3B}.Release|x64.ActiveCfg = Release|Any CPU
		{51DC5755-5EDE-45CE-97D2-D45078DA0F3B}.Release|x64.Build.0 = Release|Any CPU
		{51DC5755-5EDE-45CE-97D2-D45078DA0F3B}.Release|x86.ActiveCfg = Release|Any CPU
		{51DC5755-5EDE-45CE-97D2-D45078DA0F3B}.Release|x86.Build.0 = Release|Any CPU
		{374A309A-BEC8-4750-BCBF-97895BDFDC13}.Ad-Hoc|Any CPU.ActiveCfg = Release|Any CPU
		{374A309A-BEC8-4750-BCBF-97895BDFDC13}.Ad-Hoc|Any CPU.Build.0 = Release|Any CPU
		{374A309A-BEC8-4750-BCBF-97895BDFDC13}.Ad-Hoc|ARM.ActiveCfg = Release|Any CPU
		{374A309A-BEC8-4750-BCBF-97895BDFDC13}.Ad-Hoc|ARM.Build.0 = Release|Any CPU
		{374A309A-BEC8-4750-BCBF-97895BDFDC13}.Ad-Hoc|iPhone.ActiveCfg = Release|Any CPU
		{374A309A-BEC8-4750-BCBF-97895BDFDC13}.Ad-Hoc|iPhone.Build.0 = Release|Any CPU
		{374A309A-BEC8-4750-BCBF-97895BDFDC13}.Ad-Hoc|iPhoneSimulator.ActiveCfg = Release|Any CPU
		{374A309A-BEC8-4750-BCBF-97895BDFDC13}.Ad-Hoc|iPhoneSimulator.Build.0 = Release|Any CPU
		{374A309A-BEC8-4750-BCBF-97895BDFDC13}.Ad-Hoc|x64.ActiveCfg = Release|Any CPU
		{374A309A-BEC8-4750-BCBF-97895BDFDC13}.Ad-Hoc|x64.Build.0 = Release|Any CPU
		{374A309A-BEC8-4750-BCBF-97895BDFDC13}.Ad-Hoc|x86.ActiveCfg = Release|Any CPU
		{374A309A-BEC8-4750-BCBF-97895BDFDC13}.Ad-Hoc|x86.Build.0 = Release|Any CPU
		{374A309A-BEC8-4750-BCBF-97895BDFDC13}.AppStore|Any CPU.ActiveCfg = Release|Any CPU
		{374A309A-BEC8-4750-BCBF-97895BDFDC13}.AppStore|Any CPU.Build.0 = Release|Any CPU
		{374A309A-BEC8-4750-BCBF-97895BDFDC13}.AppStore|ARM.ActiveCfg = Release|Any CPU
		{374A309A-BEC8-4750-BCBF-97895BDFDC13}.AppStore|ARM.Build.0 = Release|Any CPU
		{374A309A-BEC8-4750-BCBF-97895BDFDC13}.AppStore|iPhone.ActiveCfg = Release|Any CPU
		{374A309A-BEC8-4750-BCBF-97895BDFDC13}.AppStore|iPhone.Build.0 = Release|Any CPU
		{374A309A-BEC8-4750-BCBF-97895BDFDC13}.AppStore|iPhoneSimulator.ActiveCfg = Release|Any CPU
		{374A309A-BEC8-4750-BCBF-97895BDFDC13}.AppStore|iPhoneSimulator.Build.0 = Release|Any CPU
		{374A309A-BEC8-4750-BCBF-97895BDFDC13}.AppStore|x64.ActiveCfg = Release|Any CPU
		{374A309A-BEC8-4750-BCBF-97895BDFDC13}.AppStore|x64.Build.0 = Release|Any CPU
		{374A309A-BEC8-4750-BCBF-97895BDFDC13}.AppStore|x86.ActiveCfg = Release|Any CPU
		{374A309A-BEC8-4750-BCBF-97895BDFDC13}.AppStore|x86.Build.0 = Release|Any CPU
		{374A309A-BEC8-4750-BCBF-97895BDFDC13}.Debug|Any CPU.ActiveCfg = Debug|Any CPU
		{374A309A-BEC8-4750-BCBF-97895BDFDC13}.Debug|Any CPU.Build.0 = Debug|Any CPU
		{374A309A-BEC8-4750-BCBF-97895BDFDC13}.Debug|ARM.ActiveCfg = Debug|Any CPU
		{374A309A-BEC8-4750-BCBF-97895BDFDC13}.Debug|ARM.Build.0 = Debug|Any CPU
		{374A309A-BEC8-4750-BCBF-97895BDFDC13}.Debug|iPhone.ActiveCfg = Debug|Any CPU
		{374A309A-BEC8-4750-BCBF-97895BDFDC13}.Debug|iPhone.Build.0 = Debug|Any CPU
		{374A309A-BEC8-4750-BCBF-97895BDFDC13}.Debug|iPhoneSimulator.ActiveCfg = Debug|Any CPU
		{374A309A-BEC8-4750-BCBF-97895BDFDC13}.Debug|iPhoneSimulator.Build.0 = Debug|Any CPU
		{374A309A-BEC8-4750-BCBF-97895BDFDC13}.Debug|x64.ActiveCfg = Debug|Any CPU
		{374A309A-BEC8-4750-BCBF-97895BDFDC13}.Debug|x64.Build.0 = Debug|Any CPU
		{374A309A-BEC8-4750-BCBF-97895BDFDC13}.Debug|x86.ActiveCfg = Debug|Any CPU
		{374A309A-BEC8-4750-BCBF-97895BDFDC13}.Debug|x86.Build.0 = Debug|Any CPU
		{374A309A-BEC8-4750-BCBF-97895BDFDC13}.Packaging|Any CPU.ActiveCfg = Packaging|Any CPU
		{374A309A-BEC8-4750-BCBF-97895BDFDC13}.Packaging|Any CPU.Build.0 = Packaging|Any CPU
		{374A309A-BEC8-4750-BCBF-97895BDFDC13}.Packaging|ARM.ActiveCfg = Packaging|Any CPU
		{374A309A-BEC8-4750-BCBF-97895BDFDC13}.Packaging|ARM.Build.0 = Packaging|Any CPU
		{374A309A-BEC8-4750-BCBF-97895BDFDC13}.Packaging|iPhone.ActiveCfg = Packaging|Any CPU
		{374A309A-BEC8-4750-BCBF-97895BDFDC13}.Packaging|iPhone.Build.0 = Packaging|Any CPU
		{374A309A-BEC8-4750-BCBF-97895BDFDC13}.Packaging|iPhoneSimulator.ActiveCfg = Packaging|Any CPU
		{374A309A-BEC8-4750-BCBF-97895BDFDC13}.Packaging|iPhoneSimulator.Build.0 = Packaging|Any CPU
		{374A309A-BEC8-4750-BCBF-97895BDFDC13}.Packaging|x64.ActiveCfg = Packaging|Any CPU
		{374A309A-BEC8-4750-BCBF-97895BDFDC13}.Packaging|x64.Build.0 = Packaging|Any CPU
		{374A309A-BEC8-4750-BCBF-97895BDFDC13}.Packaging|x86.ActiveCfg = Packaging|Any CPU
		{374A309A-BEC8-4750-BCBF-97895BDFDC13}.Packaging|x86.Build.0 = Packaging|Any CPU
		{374A309A-BEC8-4750-BCBF-97895BDFDC13}.Release|Any CPU.ActiveCfg = Release|Any CPU
		{374A309A-BEC8-4750-BCBF-97895BDFDC13}.Release|Any CPU.Build.0 = Release|Any CPU
		{374A309A-BEC8-4750-BCBF-97895BDFDC13}.Release|ARM.ActiveCfg = Release|Any CPU
		{374A309A-BEC8-4750-BCBF-97895BDFDC13}.Release|ARM.Build.0 = Release|Any CPU
		{374A309A-BEC8-4750-BCBF-97895BDFDC13}.Release|iPhone.ActiveCfg = Release|Any CPU
		{374A309A-BEC8-4750-BCBF-97895BDFDC13}.Release|iPhone.Build.0 = Release|Any CPU
		{374A309A-BEC8-4750-BCBF-97895BDFDC13}.Release|iPhoneSimulator.ActiveCfg = Release|Any CPU
		{374A309A-BEC8-4750-BCBF-97895BDFDC13}.Release|iPhoneSimulator.Build.0 = Release|Any CPU
		{374A309A-BEC8-4750-BCBF-97895BDFDC13}.Release|x64.ActiveCfg = Release|Any CPU
		{374A309A-BEC8-4750-BCBF-97895BDFDC13}.Release|x64.Build.0 = Release|Any CPU
		{374A309A-BEC8-4750-BCBF-97895BDFDC13}.Release|x86.ActiveCfg = Release|Any CPU
		{374A309A-BEC8-4750-BCBF-97895BDFDC13}.Release|x86.Build.0 = Release|Any CPU
		{52F9B34B-4896-4498-887B-08AB43051D7B}.Ad-Hoc|Any CPU.ActiveCfg = Release|Any CPU
		{52F9B34B-4896-4498-887B-08AB43051D7B}.Ad-Hoc|Any CPU.Build.0 = Release|Any CPU
		{52F9B34B-4896-4498-887B-08AB43051D7B}.Ad-Hoc|ARM.ActiveCfg = Release|Any CPU
		{52F9B34B-4896-4498-887B-08AB43051D7B}.Ad-Hoc|ARM.Build.0 = Release|Any CPU
		{52F9B34B-4896-4498-887B-08AB43051D7B}.Ad-Hoc|iPhone.ActiveCfg = Release|Any CPU
		{52F9B34B-4896-4498-887B-08AB43051D7B}.Ad-Hoc|iPhone.Build.0 = Release|Any CPU
		{52F9B34B-4896-4498-887B-08AB43051D7B}.Ad-Hoc|iPhoneSimulator.ActiveCfg = Release|Any CPU
		{52F9B34B-4896-4498-887B-08AB43051D7B}.Ad-Hoc|iPhoneSimulator.Build.0 = Release|Any CPU
		{52F9B34B-4896-4498-887B-08AB43051D7B}.Ad-Hoc|x64.ActiveCfg = Release|Any CPU
		{52F9B34B-4896-4498-887B-08AB43051D7B}.Ad-Hoc|x64.Build.0 = Release|Any CPU
		{52F9B34B-4896-4498-887B-08AB43051D7B}.Ad-Hoc|x86.ActiveCfg = Release|Any CPU
		{52F9B34B-4896-4498-887B-08AB43051D7B}.Ad-Hoc|x86.Build.0 = Release|Any CPU
		{52F9B34B-4896-4498-887B-08AB43051D7B}.AppStore|Any CPU.ActiveCfg = Release|Any CPU
		{52F9B34B-4896-4498-887B-08AB43051D7B}.AppStore|Any CPU.Build.0 = Release|Any CPU
		{52F9B34B-4896-4498-887B-08AB43051D7B}.AppStore|ARM.ActiveCfg = Release|Any CPU
		{52F9B34B-4896-4498-887B-08AB43051D7B}.AppStore|ARM.Build.0 = Release|Any CPU
		{52F9B34B-4896-4498-887B-08AB43051D7B}.AppStore|iPhone.ActiveCfg = Release|Any CPU
		{52F9B34B-4896-4498-887B-08AB43051D7B}.AppStore|iPhone.Build.0 = Release|Any CPU
		{52F9B34B-4896-4498-887B-08AB43051D7B}.AppStore|iPhoneSimulator.ActiveCfg = Release|Any CPU
		{52F9B34B-4896-4498-887B-08AB43051D7B}.AppStore|iPhoneSimulator.Build.0 = Release|Any CPU
		{52F9B34B-4896-4498-887B-08AB43051D7B}.AppStore|x64.ActiveCfg = Release|Any CPU
		{52F9B34B-4896-4498-887B-08AB43051D7B}.AppStore|x64.Build.0 = Release|Any CPU
		{52F9B34B-4896-4498-887B-08AB43051D7B}.AppStore|x86.ActiveCfg = Release|Any CPU
		{52F9B34B-4896-4498-887B-08AB43051D7B}.AppStore|x86.Build.0 = Release|Any CPU
		{52F9B34B-4896-4498-887B-08AB43051D7B}.Debug|Any CPU.ActiveCfg = Debug|Any CPU
		{52F9B34B-4896-4498-887B-08AB43051D7B}.Debug|Any CPU.Build.0 = Debug|Any CPU
		{52F9B34B-4896-4498-887B-08AB43051D7B}.Debug|ARM.ActiveCfg = Debug|Any CPU
		{52F9B34B-4896-4498-887B-08AB43051D7B}.Debug|ARM.Build.0 = Debug|Any CPU
		{52F9B34B-4896-4498-887B-08AB43051D7B}.Debug|iPhone.ActiveCfg = Debug|Any CPU
		{52F9B34B-4896-4498-887B-08AB43051D7B}.Debug|iPhone.Build.0 = Debug|Any CPU
		{52F9B34B-4896-4498-887B-08AB43051D7B}.Debug|iPhoneSimulator.ActiveCfg = Debug|Any CPU
		{52F9B34B-4896-4498-887B-08AB43051D7B}.Debug|iPhoneSimulator.Build.0 = Debug|Any CPU
		{52F9B34B-4896-4498-887B-08AB43051D7B}.Debug|x64.ActiveCfg = Debug|Any CPU
		{52F9B34B-4896-4498-887B-08AB43051D7B}.Debug|x64.Build.0 = Debug|Any CPU
		{52F9B34B-4896-4498-887B-08AB43051D7B}.Debug|x86.ActiveCfg = Debug|Any CPU
		{52F9B34B-4896-4498-887B-08AB43051D7B}.Debug|x86.Build.0 = Debug|Any CPU
		{52F9B34B-4896-4498-887B-08AB43051D7B}.Packaging|Any CPU.ActiveCfg = Release|Any CPU
		{52F9B34B-4896-4498-887B-08AB43051D7B}.Packaging|Any CPU.Build.0 = Release|Any CPU
		{52F9B34B-4896-4498-887B-08AB43051D7B}.Packaging|ARM.ActiveCfg = Release|Any CPU
		{52F9B34B-4896-4498-887B-08AB43051D7B}.Packaging|ARM.Build.0 = Release|Any CPU
		{52F9B34B-4896-4498-887B-08AB43051D7B}.Packaging|iPhone.ActiveCfg = Release|Any CPU
		{52F9B34B-4896-4498-887B-08AB43051D7B}.Packaging|iPhone.Build.0 = Release|Any CPU
		{52F9B34B-4896-4498-887B-08AB43051D7B}.Packaging|iPhoneSimulator.ActiveCfg = Release|Any CPU
		{52F9B34B-4896-4498-887B-08AB43051D7B}.Packaging|iPhoneSimulator.Build.0 = Release|Any CPU
		{52F9B34B-4896-4498-887B-08AB43051D7B}.Packaging|x64.ActiveCfg = Release|Any CPU
		{52F9B34B-4896-4498-887B-08AB43051D7B}.Packaging|x64.Build.0 = Release|Any CPU
		{52F9B34B-4896-4498-887B-08AB43051D7B}.Packaging|x86.ActiveCfg = Release|Any CPU
		{52F9B34B-4896-4498-887B-08AB43051D7B}.Packaging|x86.Build.0 = Release|Any CPU
		{52F9B34B-4896-4498-887B-08AB43051D7B}.Release|Any CPU.ActiveCfg = Release|Any CPU
		{52F9B34B-4896-4498-887B-08AB43051D7B}.Release|Any CPU.Build.0 = Release|Any CPU
		{52F9B34B-4896-4498-887B-08AB43051D7B}.Release|ARM.ActiveCfg = Release|Any CPU
		{52F9B34B-4896-4498-887B-08AB43051D7B}.Release|ARM.Build.0 = Release|Any CPU
		{52F9B34B-4896-4498-887B-08AB43051D7B}.Release|iPhone.ActiveCfg = Release|Any CPU
		{52F9B34B-4896-4498-887B-08AB43051D7B}.Release|iPhone.Build.0 = Release|Any CPU
		{52F9B34B-4896-4498-887B-08AB43051D7B}.Release|iPhoneSimulator.ActiveCfg = Release|Any CPU
		{52F9B34B-4896-4498-887B-08AB43051D7B}.Release|iPhoneSimulator.Build.0 = Release|Any CPU
		{52F9B34B-4896-4498-887B-08AB43051D7B}.Release|x64.ActiveCfg = Release|Any CPU
		{52F9B34B-4896-4498-887B-08AB43051D7B}.Release|x64.Build.0 = Release|Any CPU
		{52F9B34B-4896-4498-887B-08AB43051D7B}.Release|x86.ActiveCfg = Release|Any CPU
		{52F9B34B-4896-4498-887B-08AB43051D7B}.Release|x86.Build.0 = Release|Any CPU
		{C87E0C01-AAD6-46DA-9935-C772C112BB18}.Ad-Hoc|Any CPU.ActiveCfg = Packaging|Any CPU
		{C87E0C01-AAD6-46DA-9935-C772C112BB18}.Ad-Hoc|Any CPU.Build.0 = Packaging|Any CPU
		{C87E0C01-AAD6-46DA-9935-C772C112BB18}.Ad-Hoc|ARM.ActiveCfg = Packaging|Any CPU
		{C87E0C01-AAD6-46DA-9935-C772C112BB18}.Ad-Hoc|ARM.Build.0 = Packaging|Any CPU
		{C87E0C01-AAD6-46DA-9935-C772C112BB18}.Ad-Hoc|iPhone.ActiveCfg = Packaging|Any CPU
		{C87E0C01-AAD6-46DA-9935-C772C112BB18}.Ad-Hoc|iPhone.Build.0 = Packaging|Any CPU
		{C87E0C01-AAD6-46DA-9935-C772C112BB18}.Ad-Hoc|iPhoneSimulator.ActiveCfg = Packaging|Any CPU
		{C87E0C01-AAD6-46DA-9935-C772C112BB18}.Ad-Hoc|iPhoneSimulator.Build.0 = Packaging|Any CPU
		{C87E0C01-AAD6-46DA-9935-C772C112BB18}.Ad-Hoc|x64.ActiveCfg = Packaging|Any CPU
		{C87E0C01-AAD6-46DA-9935-C772C112BB18}.Ad-Hoc|x64.Build.0 = Packaging|Any CPU
		{C87E0C01-AAD6-46DA-9935-C772C112BB18}.Ad-Hoc|x86.ActiveCfg = Packaging|Any CPU
		{C87E0C01-AAD6-46DA-9935-C772C112BB18}.Ad-Hoc|x86.Build.0 = Packaging|Any CPU
		{C87E0C01-AAD6-46DA-9935-C772C112BB18}.AppStore|Any CPU.ActiveCfg = Packaging|Any CPU
		{C87E0C01-AAD6-46DA-9935-C772C112BB18}.AppStore|Any CPU.Build.0 = Packaging|Any CPU
		{C87E0C01-AAD6-46DA-9935-C772C112BB18}.AppStore|ARM.ActiveCfg = Packaging|Any CPU
		{C87E0C01-AAD6-46DA-9935-C772C112BB18}.AppStore|ARM.Build.0 = Packaging|Any CPU
		{C87E0C01-AAD6-46DA-9935-C772C112BB18}.AppStore|iPhone.ActiveCfg = Packaging|Any CPU
		{C87E0C01-AAD6-46DA-9935-C772C112BB18}.AppStore|iPhone.Build.0 = Packaging|Any CPU
		{C87E0C01-AAD6-46DA-9935-C772C112BB18}.AppStore|iPhoneSimulator.ActiveCfg = Packaging|Any CPU
		{C87E0C01-AAD6-46DA-9935-C772C112BB18}.AppStore|iPhoneSimulator.Build.0 = Packaging|Any CPU
		{C87E0C01-AAD6-46DA-9935-C772C112BB18}.AppStore|x64.ActiveCfg = Packaging|Any CPU
		{C87E0C01-AAD6-46DA-9935-C772C112BB18}.AppStore|x64.Build.0 = Packaging|Any CPU
		{C87E0C01-AAD6-46DA-9935-C772C112BB18}.AppStore|x86.ActiveCfg = Packaging|Any CPU
		{C87E0C01-AAD6-46DA-9935-C772C112BB18}.AppStore|x86.Build.0 = Packaging|Any CPU
		{C87E0C01-AAD6-46DA-9935-C772C112BB18}.Debug|Any CPU.ActiveCfg = Debug|Any CPU
		{C87E0C01-AAD6-46DA-9935-C772C112BB18}.Debug|Any CPU.Build.0 = Debug|Any CPU
		{C87E0C01-AAD6-46DA-9935-C772C112BB18}.Debug|ARM.ActiveCfg = Debug|Any CPU
		{C87E0C01-AAD6-46DA-9935-C772C112BB18}.Debug|ARM.Build.0 = Debug|Any CPU
		{C87E0C01-AAD6-46DA-9935-C772C112BB18}.Debug|iPhone.ActiveCfg = Debug|Any CPU
		{C87E0C01-AAD6-46DA-9935-C772C112BB18}.Debug|iPhone.Build.0 = Debug|Any CPU
		{C87E0C01-AAD6-46DA-9935-C772C112BB18}.Debug|iPhoneSimulator.ActiveCfg = Debug|Any CPU
		{C87E0C01-AAD6-46DA-9935-C772C112BB18}.Debug|iPhoneSimulator.Build.0 = Debug|Any CPU
		{C87E0C01-AAD6-46DA-9935-C772C112BB18}.Debug|x64.ActiveCfg = Debug|Any CPU
		{C87E0C01-AAD6-46DA-9935-C772C112BB18}.Debug|x64.Build.0 = Debug|Any CPU
		{C87E0C01-AAD6-46DA-9935-C772C112BB18}.Debug|x86.ActiveCfg = Debug|Any CPU
		{C87E0C01-AAD6-46DA-9935-C772C112BB18}.Debug|x86.Build.0 = Debug|Any CPU
		{C87E0C01-AAD6-46DA-9935-C772C112BB18}.Packaging|Any CPU.ActiveCfg = Packaging|Any CPU
		{C87E0C01-AAD6-46DA-9935-C772C112BB18}.Packaging|Any CPU.Build.0 = Packaging|Any CPU
		{C87E0C01-AAD6-46DA-9935-C772C112BB18}.Packaging|ARM.ActiveCfg = Packaging|Any CPU
		{C87E0C01-AAD6-46DA-9935-C772C112BB18}.Packaging|ARM.Build.0 = Packaging|Any CPU
		{C87E0C01-AAD6-46DA-9935-C772C112BB18}.Packaging|iPhone.ActiveCfg = Packaging|Any CPU
		{C87E0C01-AAD6-46DA-9935-C772C112BB18}.Packaging|iPhone.Build.0 = Packaging|Any CPU
		{C87E0C01-AAD6-46DA-9935-C772C112BB18}.Packaging|iPhoneSimulator.ActiveCfg = Packaging|Any CPU
		{C87E0C01-AAD6-46DA-9935-C772C112BB18}.Packaging|iPhoneSimulator.Build.0 = Packaging|Any CPU
		{C87E0C01-AAD6-46DA-9935-C772C112BB18}.Packaging|x64.ActiveCfg = Packaging|Any CPU
		{C87E0C01-AAD6-46DA-9935-C772C112BB18}.Packaging|x64.Build.0 = Packaging|Any CPU
		{C87E0C01-AAD6-46DA-9935-C772C112BB18}.Packaging|x86.ActiveCfg = Packaging|Any CPU
		{C87E0C01-AAD6-46DA-9935-C772C112BB18}.Packaging|x86.Build.0 = Packaging|Any CPU
		{C87E0C01-AAD6-46DA-9935-C772C112BB18}.Release|Any CPU.ActiveCfg = Release|Any CPU
		{C87E0C01-AAD6-46DA-9935-C772C112BB18}.Release|Any CPU.Build.0 = Release|Any CPU
		{C87E0C01-AAD6-46DA-9935-C772C112BB18}.Release|ARM.ActiveCfg = Release|Any CPU
		{C87E0C01-AAD6-46DA-9935-C772C112BB18}.Release|ARM.Build.0 = Release|Any CPU
		{C87E0C01-AAD6-46DA-9935-C772C112BB18}.Release|iPhone.ActiveCfg = Release|Any CPU
		{C87E0C01-AAD6-46DA-9935-C772C112BB18}.Release|iPhone.Build.0 = Release|Any CPU
		{C87E0C01-AAD6-46DA-9935-C772C112BB18}.Release|iPhoneSimulator.ActiveCfg = Release|Any CPU
		{C87E0C01-AAD6-46DA-9935-C772C112BB18}.Release|iPhoneSimulator.Build.0 = Release|Any CPU
		{C87E0C01-AAD6-46DA-9935-C772C112BB18}.Release|x64.ActiveCfg = Release|Any CPU
		{C87E0C01-AAD6-46DA-9935-C772C112BB18}.Release|x64.Build.0 = Release|Any CPU
		{C87E0C01-AAD6-46DA-9935-C772C112BB18}.Release|x86.ActiveCfg = Release|Any CPU
		{C87E0C01-AAD6-46DA-9935-C772C112BB18}.Release|x86.Build.0 = Release|Any CPU
		{88BB6717-85C9-46F0-923B-C263C08A189B}.Ad-Hoc|Any CPU.ActiveCfg = Packaging|Any CPU
		{88BB6717-85C9-46F0-923B-C263C08A189B}.Ad-Hoc|Any CPU.Build.0 = Packaging|Any CPU
		{88BB6717-85C9-46F0-923B-C263C08A189B}.Ad-Hoc|ARM.ActiveCfg = Packaging|Any CPU
		{88BB6717-85C9-46F0-923B-C263C08A189B}.Ad-Hoc|ARM.Build.0 = Packaging|Any CPU
		{88BB6717-85C9-46F0-923B-C263C08A189B}.Ad-Hoc|iPhone.ActiveCfg = Packaging|Any CPU
		{88BB6717-85C9-46F0-923B-C263C08A189B}.Ad-Hoc|iPhone.Build.0 = Packaging|Any CPU
		{88BB6717-85C9-46F0-923B-C263C08A189B}.Ad-Hoc|iPhoneSimulator.ActiveCfg = Packaging|Any CPU
		{88BB6717-85C9-46F0-923B-C263C08A189B}.Ad-Hoc|iPhoneSimulator.Build.0 = Packaging|Any CPU
		{88BB6717-85C9-46F0-923B-C263C08A189B}.Ad-Hoc|x64.ActiveCfg = Packaging|Any CPU
		{88BB6717-85C9-46F0-923B-C263C08A189B}.Ad-Hoc|x64.Build.0 = Packaging|Any CPU
		{88BB6717-85C9-46F0-923B-C263C08A189B}.Ad-Hoc|x86.ActiveCfg = Packaging|Any CPU
		{88BB6717-85C9-46F0-923B-C263C08A189B}.Ad-Hoc|x86.Build.0 = Packaging|Any CPU
		{88BB6717-85C9-46F0-923B-C263C08A189B}.AppStore|Any CPU.ActiveCfg = Packaging|Any CPU
		{88BB6717-85C9-46F0-923B-C263C08A189B}.AppStore|Any CPU.Build.0 = Packaging|Any CPU
		{88BB6717-85C9-46F0-923B-C263C08A189B}.AppStore|ARM.ActiveCfg = Packaging|Any CPU
		{88BB6717-85C9-46F0-923B-C263C08A189B}.AppStore|ARM.Build.0 = Packaging|Any CPU
		{88BB6717-85C9-46F0-923B-C263C08A189B}.AppStore|iPhone.ActiveCfg = Packaging|Any CPU
		{88BB6717-85C9-46F0-923B-C263C08A189B}.AppStore|iPhone.Build.0 = Packaging|Any CPU
		{88BB6717-85C9-46F0-923B-C263C08A189B}.AppStore|iPhoneSimulator.ActiveCfg = Packaging|Any CPU
		{88BB6717-85C9-46F0-923B-C263C08A189B}.AppStore|iPhoneSimulator.Build.0 = Packaging|Any CPU
		{88BB6717-85C9-46F0-923B-C263C08A189B}.AppStore|x64.ActiveCfg = Packaging|Any CPU
		{88BB6717-85C9-46F0-923B-C263C08A189B}.AppStore|x64.Build.0 = Packaging|Any CPU
		{88BB6717-85C9-46F0-923B-C263C08A189B}.AppStore|x86.ActiveCfg = Packaging|Any CPU
		{88BB6717-85C9-46F0-923B-C263C08A189B}.AppStore|x86.Build.0 = Packaging|Any CPU
		{88BB6717-85C9-46F0-923B-C263C08A189B}.Debug|Any CPU.ActiveCfg = Debug|Any CPU
		{88BB6717-85C9-46F0-923B-C263C08A189B}.Debug|Any CPU.Build.0 = Debug|Any CPU
		{88BB6717-85C9-46F0-923B-C263C08A189B}.Debug|ARM.ActiveCfg = Debug|Any CPU
		{88BB6717-85C9-46F0-923B-C263C08A189B}.Debug|ARM.Build.0 = Debug|Any CPU
		{88BB6717-85C9-46F0-923B-C263C08A189B}.Debug|iPhone.ActiveCfg = Debug|Any CPU
		{88BB6717-85C9-46F0-923B-C263C08A189B}.Debug|iPhone.Build.0 = Debug|Any CPU
		{88BB6717-85C9-46F0-923B-C263C08A189B}.Debug|iPhoneSimulator.ActiveCfg = Debug|Any CPU
		{88BB6717-85C9-46F0-923B-C263C08A189B}.Debug|iPhoneSimulator.Build.0 = Debug|Any CPU
		{88BB6717-85C9-46F0-923B-C263C08A189B}.Debug|x64.ActiveCfg = Debug|Any CPU
		{88BB6717-85C9-46F0-923B-C263C08A189B}.Debug|x64.Build.0 = Debug|Any CPU
		{88BB6717-85C9-46F0-923B-C263C08A189B}.Debug|x86.ActiveCfg = Debug|Any CPU
		{88BB6717-85C9-46F0-923B-C263C08A189B}.Debug|x86.Build.0 = Debug|Any CPU
		{88BB6717-85C9-46F0-923B-C263C08A189B}.Packaging|Any CPU.ActiveCfg = Packaging|Any CPU
		{88BB6717-85C9-46F0-923B-C263C08A189B}.Packaging|Any CPU.Build.0 = Packaging|Any CPU
		{88BB6717-85C9-46F0-923B-C263C08A189B}.Packaging|ARM.ActiveCfg = Packaging|Any CPU
		{88BB6717-85C9-46F0-923B-C263C08A189B}.Packaging|ARM.Build.0 = Packaging|Any CPU
		{88BB6717-85C9-46F0-923B-C263C08A189B}.Packaging|iPhone.ActiveCfg = Packaging|Any CPU
		{88BB6717-85C9-46F0-923B-C263C08A189B}.Packaging|iPhone.Build.0 = Packaging|Any CPU
		{88BB6717-85C9-46F0-923B-C263C08A189B}.Packaging|iPhoneSimulator.ActiveCfg = Packaging|Any CPU
		{88BB6717-85C9-46F0-923B-C263C08A189B}.Packaging|iPhoneSimulator.Build.0 = Packaging|Any CPU
		{88BB6717-85C9-46F0-923B-C263C08A189B}.Packaging|x64.ActiveCfg = Packaging|Any CPU
		{88BB6717-85C9-46F0-923B-C263C08A189B}.Packaging|x64.Build.0 = Packaging|Any CPU
		{88BB6717-85C9-46F0-923B-C263C08A189B}.Packaging|x86.ActiveCfg = Packaging|Any CPU
		{88BB6717-85C9-46F0-923B-C263C08A189B}.Packaging|x86.Build.0 = Packaging|Any CPU
		{88BB6717-85C9-46F0-923B-C263C08A189B}.Release|Any CPU.ActiveCfg = Release|Any CPU
		{88BB6717-85C9-46F0-923B-C263C08A189B}.Release|Any CPU.Build.0 = Release|Any CPU
		{88BB6717-85C9-46F0-923B-C263C08A189B}.Release|ARM.ActiveCfg = Release|Any CPU
		{88BB6717-85C9-46F0-923B-C263C08A189B}.Release|ARM.Build.0 = Release|Any CPU
		{88BB6717-85C9-46F0-923B-C263C08A189B}.Release|iPhone.ActiveCfg = Release|Any CPU
		{88BB6717-85C9-46F0-923B-C263C08A189B}.Release|iPhone.Build.0 = Release|Any CPU
		{88BB6717-85C9-46F0-923B-C263C08A189B}.Release|iPhoneSimulator.ActiveCfg = Release|Any CPU
		{88BB6717-85C9-46F0-923B-C263C08A189B}.Release|iPhoneSimulator.Build.0 = Release|Any CPU
		{88BB6717-85C9-46F0-923B-C263C08A189B}.Release|x64.ActiveCfg = Release|Any CPU
		{88BB6717-85C9-46F0-923B-C263C08A189B}.Release|x64.Build.0 = Release|Any CPU
		{88BB6717-85C9-46F0-923B-C263C08A189B}.Release|x86.ActiveCfg = Release|Any CPU
		{88BB6717-85C9-46F0-923B-C263C08A189B}.Release|x86.Build.0 = Release|Any CPU
		{B357BAC7-529E-4D81-A0D2-71041B19C8DE}.Ad-Hoc|Any CPU.ActiveCfg = Release|Any CPU
		{B357BAC7-529E-4D81-A0D2-71041B19C8DE}.Ad-Hoc|Any CPU.Build.0 = Release|Any CPU
		{B357BAC7-529E-4D81-A0D2-71041B19C8DE}.Ad-Hoc|ARM.ActiveCfg = Release|Any CPU
		{B357BAC7-529E-4D81-A0D2-71041B19C8DE}.Ad-Hoc|ARM.Build.0 = Release|Any CPU
		{B357BAC7-529E-4D81-A0D2-71041B19C8DE}.Ad-Hoc|iPhone.ActiveCfg = Release|Any CPU
		{B357BAC7-529E-4D81-A0D2-71041B19C8DE}.Ad-Hoc|iPhone.Build.0 = Release|Any CPU
		{B357BAC7-529E-4D81-A0D2-71041B19C8DE}.Ad-Hoc|iPhoneSimulator.ActiveCfg = Release|Any CPU
		{B357BAC7-529E-4D81-A0D2-71041B19C8DE}.Ad-Hoc|iPhoneSimulator.Build.0 = Release|Any CPU
		{B357BAC7-529E-4D81-A0D2-71041B19C8DE}.Ad-Hoc|x64.ActiveCfg = Release|Any CPU
		{B357BAC7-529E-4D81-A0D2-71041B19C8DE}.Ad-Hoc|x64.Build.0 = Release|Any CPU
		{B357BAC7-529E-4D81-A0D2-71041B19C8DE}.Ad-Hoc|x86.ActiveCfg = Release|Any CPU
		{B357BAC7-529E-4D81-A0D2-71041B19C8DE}.Ad-Hoc|x86.Build.0 = Release|Any CPU
		{B357BAC7-529E-4D81-A0D2-71041B19C8DE}.AppStore|Any CPU.ActiveCfg = Release|Any CPU
		{B357BAC7-529E-4D81-A0D2-71041B19C8DE}.AppStore|Any CPU.Build.0 = Release|Any CPU
		{B357BAC7-529E-4D81-A0D2-71041B19C8DE}.AppStore|ARM.ActiveCfg = Release|Any CPU
		{B357BAC7-529E-4D81-A0D2-71041B19C8DE}.AppStore|ARM.Build.0 = Release|Any CPU
		{B357BAC7-529E-4D81-A0D2-71041B19C8DE}.AppStore|iPhone.ActiveCfg = Release|Any CPU
		{B357BAC7-529E-4D81-A0D2-71041B19C8DE}.AppStore|iPhone.Build.0 = Release|Any CPU
		{B357BAC7-529E-4D81-A0D2-71041B19C8DE}.AppStore|iPhoneSimulator.ActiveCfg = Release|Any CPU
		{B357BAC7-529E-4D81-A0D2-71041B19C8DE}.AppStore|iPhoneSimulator.Build.0 = Release|Any CPU
		{B357BAC7-529E-4D81-A0D2-71041B19C8DE}.AppStore|x64.ActiveCfg = Release|Any CPU
		{B357BAC7-529E-4D81-A0D2-71041B19C8DE}.AppStore|x64.Build.0 = Release|Any CPU
		{B357BAC7-529E-4D81-A0D2-71041B19C8DE}.AppStore|x86.ActiveCfg = Release|Any CPU
		{B357BAC7-529E-4D81-A0D2-71041B19C8DE}.AppStore|x86.Build.0 = Release|Any CPU
		{B357BAC7-529E-4D81-A0D2-71041B19C8DE}.Debug|Any CPU.ActiveCfg = Debug|Any CPU
		{B357BAC7-529E-4D81-A0D2-71041B19C8DE}.Debug|Any CPU.Build.0 = Debug|Any CPU
		{B357BAC7-529E-4D81-A0D2-71041B19C8DE}.Debug|ARM.ActiveCfg = Debug|Any CPU
		{B357BAC7-529E-4D81-A0D2-71041B19C8DE}.Debug|ARM.Build.0 = Debug|Any CPU
		{B357BAC7-529E-4D81-A0D2-71041B19C8DE}.Debug|iPhone.ActiveCfg = Debug|Any CPU
		{B357BAC7-529E-4D81-A0D2-71041B19C8DE}.Debug|iPhone.Build.0 = Debug|Any CPU
		{B357BAC7-529E-4D81-A0D2-71041B19C8DE}.Debug|iPhoneSimulator.ActiveCfg = Debug|Any CPU
		{B357BAC7-529E-4D81-A0D2-71041B19C8DE}.Debug|iPhoneSimulator.Build.0 = Debug|Any CPU
		{B357BAC7-529E-4D81-A0D2-71041B19C8DE}.Debug|x64.ActiveCfg = Debug|Any CPU
		{B357BAC7-529E-4D81-A0D2-71041B19C8DE}.Debug|x64.Build.0 = Debug|Any CPU
		{B357BAC7-529E-4D81-A0D2-71041B19C8DE}.Debug|x86.ActiveCfg = Debug|Any CPU
		{B357BAC7-529E-4D81-A0D2-71041B19C8DE}.Debug|x86.Build.0 = Debug|Any CPU
		{B357BAC7-529E-4D81-A0D2-71041B19C8DE}.Packaging|Any CPU.ActiveCfg = Release|Any CPU
		{B357BAC7-529E-4D81-A0D2-71041B19C8DE}.Packaging|Any CPU.Build.0 = Release|Any CPU
		{B357BAC7-529E-4D81-A0D2-71041B19C8DE}.Packaging|ARM.ActiveCfg = Release|Any CPU
		{B357BAC7-529E-4D81-A0D2-71041B19C8DE}.Packaging|ARM.Build.0 = Release|Any CPU
		{B357BAC7-529E-4D81-A0D2-71041B19C8DE}.Packaging|iPhone.ActiveCfg = Release|Any CPU
		{B357BAC7-529E-4D81-A0D2-71041B19C8DE}.Packaging|iPhone.Build.0 = Release|Any CPU
		{B357BAC7-529E-4D81-A0D2-71041B19C8DE}.Packaging|iPhoneSimulator.ActiveCfg = Release|Any CPU
		{B357BAC7-529E-4D81-A0D2-71041B19C8DE}.Packaging|iPhoneSimulator.Build.0 = Release|Any CPU
		{B357BAC7-529E-4D81-A0D2-71041B19C8DE}.Packaging|x64.ActiveCfg = Release|Any CPU
		{B357BAC7-529E-4D81-A0D2-71041B19C8DE}.Packaging|x64.Build.0 = Release|Any CPU
		{B357BAC7-529E-4D81-A0D2-71041B19C8DE}.Packaging|x86.ActiveCfg = Release|Any CPU
		{B357BAC7-529E-4D81-A0D2-71041B19C8DE}.Packaging|x86.Build.0 = Release|Any CPU
		{B357BAC7-529E-4D81-A0D2-71041B19C8DE}.Release|Any CPU.ActiveCfg = Release|Any CPU
		{B357BAC7-529E-4D81-A0D2-71041B19C8DE}.Release|Any CPU.Build.0 = Release|Any CPU
		{B357BAC7-529E-4D81-A0D2-71041B19C8DE}.Release|ARM.ActiveCfg = Release|Any CPU
		{B357BAC7-529E-4D81-A0D2-71041B19C8DE}.Release|ARM.Build.0 = Release|Any CPU
		{B357BAC7-529E-4D81-A0D2-71041B19C8DE}.Release|iPhone.ActiveCfg = Release|Any CPU
		{B357BAC7-529E-4D81-A0D2-71041B19C8DE}.Release|iPhone.Build.0 = Release|Any CPU
		{B357BAC7-529E-4D81-A0D2-71041B19C8DE}.Release|iPhoneSimulator.ActiveCfg = Release|Any CPU
		{B357BAC7-529E-4D81-A0D2-71041B19C8DE}.Release|iPhoneSimulator.Build.0 = Release|Any CPU
		{B357BAC7-529E-4D81-A0D2-71041B19C8DE}.Release|x64.ActiveCfg = Release|Any CPU
		{B357BAC7-529E-4D81-A0D2-71041B19C8DE}.Release|x64.Build.0 = Release|Any CPU
		{B357BAC7-529E-4D81-A0D2-71041B19C8DE}.Release|x86.ActiveCfg = Release|Any CPU
		{B357BAC7-529E-4D81-A0D2-71041B19C8DE}.Release|x86.Build.0 = Release|Any CPU
		{3BAA0E58-2563-4AB2-8CA9-CF081664E783}.Ad-Hoc|Any CPU.ActiveCfg = Release|Any CPU
		{3BAA0E58-2563-4AB2-8CA9-CF081664E783}.Ad-Hoc|Any CPU.Build.0 = Release|Any CPU
		{3BAA0E58-2563-4AB2-8CA9-CF081664E783}.Ad-Hoc|ARM.ActiveCfg = Release|Any CPU
		{3BAA0E58-2563-4AB2-8CA9-CF081664E783}.Ad-Hoc|ARM.Build.0 = Release|Any CPU
		{3BAA0E58-2563-4AB2-8CA9-CF081664E783}.Ad-Hoc|iPhone.ActiveCfg = Release|Any CPU
		{3BAA0E58-2563-4AB2-8CA9-CF081664E783}.Ad-Hoc|iPhone.Build.0 = Release|Any CPU
		{3BAA0E58-2563-4AB2-8CA9-CF081664E783}.Ad-Hoc|iPhoneSimulator.ActiveCfg = Release|Any CPU
		{3BAA0E58-2563-4AB2-8CA9-CF081664E783}.Ad-Hoc|iPhoneSimulator.Build.0 = Release|Any CPU
		{3BAA0E58-2563-4AB2-8CA9-CF081664E783}.Ad-Hoc|x64.ActiveCfg = Release|Any CPU
		{3BAA0E58-2563-4AB2-8CA9-CF081664E783}.Ad-Hoc|x64.Build.0 = Release|Any CPU
		{3BAA0E58-2563-4AB2-8CA9-CF081664E783}.Ad-Hoc|x86.ActiveCfg = Release|Any CPU
		{3BAA0E58-2563-4AB2-8CA9-CF081664E783}.Ad-Hoc|x86.Build.0 = Release|Any CPU
		{3BAA0E58-2563-4AB2-8CA9-CF081664E783}.AppStore|Any CPU.ActiveCfg = Release|Any CPU
		{3BAA0E58-2563-4AB2-8CA9-CF081664E783}.AppStore|Any CPU.Build.0 = Release|Any CPU
		{3BAA0E58-2563-4AB2-8CA9-CF081664E783}.AppStore|ARM.ActiveCfg = Release|Any CPU
		{3BAA0E58-2563-4AB2-8CA9-CF081664E783}.AppStore|ARM.Build.0 = Release|Any CPU
		{3BAA0E58-2563-4AB2-8CA9-CF081664E783}.AppStore|iPhone.ActiveCfg = Release|Any CPU
		{3BAA0E58-2563-4AB2-8CA9-CF081664E783}.AppStore|iPhone.Build.0 = Release|Any CPU
		{3BAA0E58-2563-4AB2-8CA9-CF081664E783}.AppStore|iPhoneSimulator.ActiveCfg = Release|Any CPU
		{3BAA0E58-2563-4AB2-8CA9-CF081664E783}.AppStore|iPhoneSimulator.Build.0 = Release|Any CPU
		{3BAA0E58-2563-4AB2-8CA9-CF081664E783}.AppStore|x64.ActiveCfg = Release|Any CPU
		{3BAA0E58-2563-4AB2-8CA9-CF081664E783}.AppStore|x64.Build.0 = Release|Any CPU
		{3BAA0E58-2563-4AB2-8CA9-CF081664E783}.AppStore|x86.ActiveCfg = Release|Any CPU
		{3BAA0E58-2563-4AB2-8CA9-CF081664E783}.AppStore|x86.Build.0 = Release|Any CPU
		{3BAA0E58-2563-4AB2-8CA9-CF081664E783}.Debug|Any CPU.ActiveCfg = Debug|Any CPU
		{3BAA0E58-2563-4AB2-8CA9-CF081664E783}.Debug|Any CPU.Build.0 = Debug|Any CPU
		{3BAA0E58-2563-4AB2-8CA9-CF081664E783}.Debug|ARM.ActiveCfg = Debug|Any CPU
		{3BAA0E58-2563-4AB2-8CA9-CF081664E783}.Debug|ARM.Build.0 = Debug|Any CPU
		{3BAA0E58-2563-4AB2-8CA9-CF081664E783}.Debug|iPhone.ActiveCfg = Debug|Any CPU
		{3BAA0E58-2563-4AB2-8CA9-CF081664E783}.Debug|iPhone.Build.0 = Debug|Any CPU
		{3BAA0E58-2563-4AB2-8CA9-CF081664E783}.Debug|iPhoneSimulator.ActiveCfg = Debug|Any CPU
		{3BAA0E58-2563-4AB2-8CA9-CF081664E783}.Debug|iPhoneSimulator.Build.0 = Debug|Any CPU
		{3BAA0E58-2563-4AB2-8CA9-CF081664E783}.Debug|x64.ActiveCfg = Debug|Any CPU
		{3BAA0E58-2563-4AB2-8CA9-CF081664E783}.Debug|x64.Build.0 = Debug|Any CPU
		{3BAA0E58-2563-4AB2-8CA9-CF081664E783}.Debug|x86.ActiveCfg = Debug|Any CPU
		{3BAA0E58-2563-4AB2-8CA9-CF081664E783}.Debug|x86.Build.0 = Debug|Any CPU
		{3BAA0E58-2563-4AB2-8CA9-CF081664E783}.Packaging|Any CPU.ActiveCfg = Release|Any CPU
		{3BAA0E58-2563-4AB2-8CA9-CF081664E783}.Packaging|Any CPU.Build.0 = Release|Any CPU
		{3BAA0E58-2563-4AB2-8CA9-CF081664E783}.Packaging|ARM.ActiveCfg = Release|Any CPU
		{3BAA0E58-2563-4AB2-8CA9-CF081664E783}.Packaging|ARM.Build.0 = Release|Any CPU
		{3BAA0E58-2563-4AB2-8CA9-CF081664E783}.Packaging|iPhone.ActiveCfg = Release|Any CPU
		{3BAA0E58-2563-4AB2-8CA9-CF081664E783}.Packaging|iPhone.Build.0 = Release|Any CPU
		{3BAA0E58-2563-4AB2-8CA9-CF081664E783}.Packaging|iPhoneSimulator.ActiveCfg = Release|Any CPU
		{3BAA0E58-2563-4AB2-8CA9-CF081664E783}.Packaging|iPhoneSimulator.Build.0 = Release|Any CPU
		{3BAA0E58-2563-4AB2-8CA9-CF081664E783}.Packaging|x64.ActiveCfg = Release|Any CPU
		{3BAA0E58-2563-4AB2-8CA9-CF081664E783}.Packaging|x64.Build.0 = Release|Any CPU
		{3BAA0E58-2563-4AB2-8CA9-CF081664E783}.Packaging|x86.ActiveCfg = Release|Any CPU
		{3BAA0E58-2563-4AB2-8CA9-CF081664E783}.Packaging|x86.Build.0 = Release|Any CPU
		{3BAA0E58-2563-4AB2-8CA9-CF081664E783}.Release|Any CPU.ActiveCfg = Release|Any CPU
		{3BAA0E58-2563-4AB2-8CA9-CF081664E783}.Release|Any CPU.Build.0 = Release|Any CPU
		{3BAA0E58-2563-4AB2-8CA9-CF081664E783}.Release|ARM.ActiveCfg = Release|Any CPU
		{3BAA0E58-2563-4AB2-8CA9-CF081664E783}.Release|ARM.Build.0 = Release|Any CPU
		{3BAA0E58-2563-4AB2-8CA9-CF081664E783}.Release|iPhone.ActiveCfg = Release|Any CPU
		{3BAA0E58-2563-4AB2-8CA9-CF081664E783}.Release|iPhone.Build.0 = Release|Any CPU
		{3BAA0E58-2563-4AB2-8CA9-CF081664E783}.Release|iPhoneSimulator.ActiveCfg = Release|Any CPU
		{3BAA0E58-2563-4AB2-8CA9-CF081664E783}.Release|iPhoneSimulator.Build.0 = Release|Any CPU
		{3BAA0E58-2563-4AB2-8CA9-CF081664E783}.Release|x64.ActiveCfg = Release|Any CPU
		{3BAA0E58-2563-4AB2-8CA9-CF081664E783}.Release|x64.Build.0 = Release|Any CPU
		{3BAA0E58-2563-4AB2-8CA9-CF081664E783}.Release|x86.ActiveCfg = Release|Any CPU
		{3BAA0E58-2563-4AB2-8CA9-CF081664E783}.Release|x86.Build.0 = Release|Any CPU
	EndGlobalSection
	GlobalSection(SolutionProperties) = preSolution
		HideSolutionNode = FALSE
	EndGlobalSection
	GlobalSection(NestedProjects) = preSolution
		{5615E423-D0FD-4F99-A99C-061679615CEE} = {9F9B7465-A1CA-4DFF-A255-4AD9AC3EB391}
		{443E1BEE-43B3-45A1-ACEA-F7BA71BDAAB1} = {AB2AAF5A-98DC-497A-A90A-2A094DB8B677}
		{FF87EED7-5DE9-47E9-82F4-D1DF659D1DC2} = {E1B3AB99-61BD-4B31-BF7C-F89C5D913618}
		{DCE46CB2-0317-4A62-9613-AE6A240C46DB} = {AB2AAF5A-98DC-497A-A90A-2A094DB8B677}
		{9F9B7465-A1CA-4DFF-A255-4AD9AC3EB391} = {EB05DC15-64BC-4257-86F4-54B6DC132AE8}
		{AB2AAF5A-98DC-497A-A90A-2A094DB8B677} = {EB05DC15-64BC-4257-86F4-54B6DC132AE8}
		{E1B3AB99-61BD-4B31-BF7C-F89C5D913618} = {EB05DC15-64BC-4257-86F4-54B6DC132AE8}
		{E1153FA4-356A-454D-B32E-136102F2482F} = {9F9B7465-A1CA-4DFF-A255-4AD9AC3EB391}
		{891A08FC-F143-4325-BC16-B9864D036B99} = {E1B3AB99-61BD-4B31-BF7C-F89C5D913618}
		{51DC5755-5EDE-45CE-97D2-D45078DA0F3B} = {9F9B7465-A1CA-4DFF-A255-4AD9AC3EB391}
		{374A309A-BEC8-4750-BCBF-97895BDFDC13} = {AB2AAF5A-98DC-497A-A90A-2A094DB8B677}
		{79FC4A01-1E39-468F-8E55-195BC918232E} = {E1B3AB99-61BD-4B31-BF7C-F89C5D913618}
		{0AE89D4C-941E-4244-A515-0705FFCE8834} = {EB05DC15-64BC-4257-86F4-54B6DC132AE8}
		{C87E0C01-AAD6-46DA-9935-C772C112BB18} = {0AE89D4C-941E-4244-A515-0705FFCE8834}
		{88BB6717-85C9-46F0-923B-C263C08A189B} = {0AE89D4C-941E-4244-A515-0705FFCE8834}
		{B357BAC7-529E-4D81-A0D2-71041B19C8DE} = {0AE89D4C-941E-4244-A515-0705FFCE8834}
	EndGlobalSection
EndGlobal
