
Microsoft Visual Studio Solution File, Format Version 12.00
# Visual Studio 14
VisualStudioVersion = 14.0.25123.0
MinimumVisualStudioVersion = 10.0.40219.1
Project("{FAE04EC0-301F-11D3-BF4B-00C04F79EFBC}") = "ToDoLite.Droid", "ToDoLite\ToDoLite.Droid\ToDoLite.Droid.csproj", "{AA856BFA-F7E3-4F8D-ADBD-92F6A3CDF06D}"
EndProject
Project("{FAE04EC0-301F-11D3-BF4B-00C04F79EFBC}") = "ToDoLite.iOS", "ToDoLite\ToDoLite.iOS\ToDoLite.iOS.csproj", "{90761AC7-47B9-4F60-B79E-4C917628F441}"
EndProject
Project("{D954291E-2A0B-460D-934E-DC6B0785DB48}") = "ToDoLite", "ToDoLite\ToDoLite\ToDoLite.shproj", "{E60CA313-FC72-4345-ACE2-A5372276C0D9}"
EndProject
Project("{2150E333-8FDC-42A3-9474-1A3956D46DE8}") = "Couchbase", "Couchbase", "{EB05DC15-64BC-4257-86F4-54B6DC132AE8}"
EndProject
Project("{FAE04EC0-301F-11D3-BF4B-00C04F79EFBC}") = "Couchbase.Lite.Android", "Couchbase\src\Couchbase.Lite.Android\Couchbase.Lite.Android.csproj", "{5615E423-D0FD-4F99-A99C-061679615CEE}"
EndProject
Project("{FAE04EC0-301F-11D3-BF4B-00C04F79EFBC}") = "Couchbase.Lite.iOS", "Couchbase\src\Couchbase.Lite.iOS\Couchbase.Lite.iOS.csproj", "{443E1BEE-43B3-45A1-ACEA-F7BA71BDAAB1}"
EndProject
Project("{D954291E-2A0B-460D-934E-DC6B0785DB48}") = "Couchbase.Lite.Shared", "Couchbase\src\Couchbase.Lite.Shared\Couchbase.Lite.Shared.shproj", "{FF87EED7-5DE9-47E9-82F4-D1DF659D1DC2}"
EndProject
Project("{FAE04EC0-301F-11D3-BF4B-00C04F79EFBC}") = "websocket-sharp.ios", "Couchbase\vendor\websocket-sharp\websocket-sharp\websocket-sharp.ios.csproj", "{DCE46CB2-0317-4A62-9613-AE6A240C46DB}"
EndProject
Project("{2150E333-8FDC-42A3-9474-1A3956D46DE8}") = "Android", "Android", "{9F9B7465-A1CA-4DFF-A255-4AD9AC3EB391}"
EndProject
Project("{2150E333-8FDC-42A3-9474-1A3956D46DE8}") = "iOS", "iOS", "{AB2AAF5A-98DC-497A-A90A-2A094DB8B677}"
EndProject
Project("{2150E333-8FDC-42A3-9474-1A3956D46DE8}") = "Shared", "Shared", "{E1B3AB99-61BD-4B31-BF7C-F89C5D913618}"
EndProject
Project("{FAE04EC0-301F-11D3-BF4B-00C04F79EFBC}") = "websocket-sharp.droid", "Couchbase\vendor\websocket-sharp\websocket-sharp\websocket-sharp.droid.csproj", "{E1153FA4-356A-454D-B32E-136102F2482F}"
EndProject
Project("{D954291E-2A0B-460D-934E-DC6B0785DB48}") = "websocket-sharp.shared", "Couchbase\vendor\websocket-sharp\websocket-sharp\websocket-sharp.shared.shproj", "{891A08FC-F143-4325-BC16-B9864D036B99}"
EndProject
Project("{FAE04EC0-301F-11D3-BF4B-00C04F79EFBC}") = "ToDoLiteForms", "ToDoLite\ToDoLite\ToDoLiteForms\ToDoLiteForms.csproj", "{48C07B5B-9EA5-458C-B4E0-B7EFB23A9126}"
EndProject
Global
	GlobalSection(SharedMSBuildProjectFiles) = preSolution
		Couchbase\src\Couchbase.Lite.Shared\Couchbase.Lite.Shared.projitems*{5615e423-d0fd-4f99-a99c-061679615cee}*SharedItemsImports = 4
		ToDoLite\ToDoLite\ToDoLite.projitems*{90761ac7-47b9-4f60-b79e-4c917628f441}*SharedItemsImports = 4
		ToDoLite\ToDoLite\ToDoLite.projitems*{e60ca313-fc72-4345-ace2-a5372276c0d9}*SharedItemsImports = 13
		Couchbase\vendor\websocket-sharp\websocket-sharp\websocket-sharp.shared.projitems*{891a08fc-f143-4325-bc16-b9864d036b99}*SharedItemsImports = 13
		Couchbase\vendor\websocket-sharp\websocket-sharp\websocket-sharp.shared.projitems*{e1153fa4-356a-454d-b32e-136102f2482f}*SharedItemsImports = 4
		ToDoLite\ToDoLite\ToDoLite.projitems*{aa856bfa-f7e3-4f8d-adbd-92f6a3cdf06d}*SharedItemsImports = 4
		Couchbase\src\Couchbase.Lite.Shared\Couchbase.Lite.Shared.projitems*{443e1bee-43b3-45a1-acea-f7ba71bdaab1}*SharedItemsImports = 4
		Couchbase\vendor\websocket-sharp\websocket-sharp\websocket-sharp.shared.projitems*{dce46cb2-0317-4a62-9613-ae6a240c46db}*SharedItemsImports = 4
		Couchbase\src\Couchbase.Lite.Shared\Couchbase.Lite.Shared.projitems*{ff87eed7-5de9-47e9-82f4-d1df659d1dc2}*SharedItemsImports = 13
	EndGlobalSection
	GlobalSection(SolutionConfigurationPlatforms) = preSolution
		Ad-Hoc|Any CPU = Ad-Hoc|Any CPU
		Ad-Hoc|ARM = Ad-Hoc|ARM
		Ad-Hoc|iPhone = Ad-Hoc|iPhone
		Ad-Hoc|iPhoneSimulator = Ad-Hoc|iPhoneSimulator
		Ad-Hoc|x64 = Ad-Hoc|x64
		Ad-Hoc|x86 = Ad-Hoc|x86
		AppStore|Any CPU = AppStore|Any CPU
		AppStore|ARM = AppStore|ARM
		AppStore|iPhone = AppStore|iPhone
		AppStore|iPhoneSimulator = AppStore|iPhoneSimulator
		AppStore|x64 = AppStore|x64
		AppStore|x86 = AppStore|x86
		Debug|Any CPU = Debug|Any CPU
		Debug|ARM = Debug|ARM
		Debug|iPhone = Debug|iPhone
		Debug|iPhoneSimulator = Debug|iPhoneSimulator
		Debug|x64 = Debug|x64
		Debug|x86 = Debug|x86
		Packaging|Any CPU = Packaging|Any CPU
		Packaging|ARM = Packaging|ARM
		Packaging|iPhone = Packaging|iPhone
		Packaging|iPhoneSimulator = Packaging|iPhoneSimulator
		Packaging|x64 = Packaging|x64
		Packaging|x86 = Packaging|x86
		Release|Any CPU = Release|Any CPU
		Release|ARM = Release|ARM
		Release|iPhone = Release|iPhone
		Release|iPhoneSimulator = Release|iPhoneSimulator
		Release|x64 = Release|x64
		Release|x86 = Release|x86
	EndGlobalSection
	GlobalSection(ProjectConfigurationPlatforms) = postSolution
		{AA856BFA-F7E3-4F8D-ADBD-92F6A3CDF06D}.Ad-Hoc|Any CPU.ActiveCfg = Release|Any CPU
		{AA856BFA-F7E3-4F8D-ADBD-92F6A3CDF06D}.Ad-Hoc|Any CPU.Build.0 = Release|Any CPU
		{AA856BFA-F7E3-4F8D-ADBD-92F6A3CDF06D}.Ad-Hoc|Any CPU.Deploy.0 = Release|Any CPU
		{AA856BFA-F7E3-4F8D-ADBD-92F6A3CDF06D}.Ad-Hoc|ARM.ActiveCfg = Release|Any CPU
		{AA856BFA-F7E3-4F8D-ADBD-92F6A3CDF06D}.Ad-Hoc|ARM.Build.0 = Release|Any CPU
		{AA856BFA-F7E3-4F8D-ADBD-92F6A3CDF06D}.Ad-Hoc|ARM.Deploy.0 = Release|Any CPU
		{AA856BFA-F7E3-4F8D-ADBD-92F6A3CDF06D}.Ad-Hoc|iPhone.ActiveCfg = Release|Any CPU
		{AA856BFA-F7E3-4F8D-ADBD-92F6A3CDF06D}.Ad-Hoc|iPhone.Build.0 = Release|Any CPU
		{AA856BFA-F7E3-4F8D-ADBD-92F6A3CDF06D}.Ad-Hoc|iPhone.Deploy.0 = Release|Any CPU
		{AA856BFA-F7E3-4F8D-ADBD-92F6A3CDF06D}.Ad-Hoc|iPhoneSimulator.ActiveCfg = Release|Any CPU
		{AA856BFA-F7E3-4F8D-ADBD-92F6A3CDF06D}.Ad-Hoc|iPhoneSimulator.Build.0 = Release|Any CPU
		{AA856BFA-F7E3-4F8D-ADBD-92F6A3CDF06D}.Ad-Hoc|iPhoneSimulator.Deploy.0 = Release|Any CPU
		{AA856BFA-F7E3-4F8D-ADBD-92F6A3CDF06D}.Ad-Hoc|x64.ActiveCfg = Release|Any CPU
		{AA856BFA-F7E3-4F8D-ADBD-92F6A3CDF06D}.Ad-Hoc|x64.Build.0 = Release|Any CPU
		{AA856BFA-F7E3-4F8D-ADBD-92F6A3CDF06D}.Ad-Hoc|x64.Deploy.0 = Release|Any CPU
		{AA856BFA-F7E3-4F8D-ADBD-92F6A3CDF06D}.Ad-Hoc|x86.ActiveCfg = Release|Any CPU
		{AA856BFA-F7E3-4F8D-ADBD-92F6A3CDF06D}.Ad-Hoc|x86.Build.0 = Release|Any CPU
		{AA856BFA-F7E3-4F8D-ADBD-92F6A3CDF06D}.Ad-Hoc|x86.Deploy.0 = Release|Any CPU
		{AA856BFA-F7E3-4F8D-ADBD-92F6A3CDF06D}.AppStore|Any CPU.ActiveCfg = Release|Any CPU
		{AA856BFA-F7E3-4F8D-ADBD-92F6A3CDF06D}.AppStore|Any CPU.Build.0 = Release|Any CPU
		{AA856BFA-F7E3-4F8D-ADBD-92F6A3CDF06D}.AppStore|Any CPU.Deploy.0 = Release|Any CPU
		{AA856BFA-F7E3-4F8D-ADBD-92F6A3CDF06D}.AppStore|ARM.ActiveCfg = Release|Any CPU
		{AA856BFA-F7E3-4F8D-ADBD-92F6A3CDF06D}.AppStore|ARM.Build.0 = Release|Any CPU
		{AA856BFA-F7E3-4F8D-ADBD-92F6A3CDF06D}.AppStore|ARM.Deploy.0 = Release|Any CPU
		{AA856BFA-F7E3-4F8D-ADBD-92F6A3CDF06D}.AppStore|iPhone.ActiveCfg = Release|Any CPU
		{AA856BFA-F7E3-4F8D-ADBD-92F6A3CDF06D}.AppStore|iPhone.Build.0 = Release|Any CPU
		{AA856BFA-F7E3-4F8D-ADBD-92F6A3CDF06D}.AppStore|iPhone.Deploy.0 = Release|Any CPU
		{AA856BFA-F7E3-4F8D-ADBD-92F6A3CDF06D}.AppStore|iPhoneSimulator.ActiveCfg = Release|Any CPU
		{AA856BFA-F7E3-4F8D-ADBD-92F6A3CDF06D}.AppStore|iPhoneSimulator.Build.0 = Release|Any CPU
		{AA856BFA-F7E3-4F8D-ADBD-92F6A3CDF06D}.AppStore|iPhoneSimulator.Deploy.0 = Release|Any CPU
		{AA856BFA-F7E3-4F8D-ADBD-92F6A3CDF06D}.AppStore|x64.ActiveCfg = Release|Any CPU
		{AA856BFA-F7E3-4F8D-ADBD-92F6A3CDF06D}.AppStore|x64.Build.0 = Release|Any CPU
		{AA856BFA-F7E3-4F8D-ADBD-92F6A3CDF06D}.AppStore|x64.Deploy.0 = Release|Any CPU
		{AA856BFA-F7E3-4F8D-ADBD-92F6A3CDF06D}.AppStore|x86.ActiveCfg = Release|Any CPU
		{AA856BFA-F7E3-4F8D-ADBD-92F6A3CDF06D}.AppStore|x86.Build.0 = Release|Any CPU
		{AA856BFA-F7E3-4F8D-ADBD-92F6A3CDF06D}.AppStore|x86.Deploy.0 = Release|Any CPU
		{AA856BFA-F7E3-4F8D-ADBD-92F6A3CDF06D}.Debug|Any CPU.ActiveCfg = Debug|Any CPU
		{AA856BFA-F7E3-4F8D-ADBD-92F6A3CDF06D}.Debug|Any CPU.Build.0 = Debug|Any CPU
		{AA856BFA-F7E3-4F8D-ADBD-92F6A3CDF06D}.Debug|Any CPU.Deploy.0 = Debug|Any CPU
		{AA856BFA-F7E3-4F8D-ADBD-92F6A3CDF06D}.Debug|ARM.ActiveCfg = Debug|Any CPU
		{AA856BFA-F7E3-4F8D-ADBD-92F6A3CDF06D}.Debug|ARM.Build.0 = Debug|Any CPU
		{AA856BFA-F7E3-4F8D-ADBD-92F6A3CDF06D}.Debug|ARM.Deploy.0 = Debug|Any CPU
		{AA856BFA-F7E3-4F8D-ADBD-92F6A3CDF06D}.Debug|iPhone.ActiveCfg = Debug|Any CPU
		{AA856BFA-F7E3-4F8D-ADBD-92F6A3CDF06D}.Debug|iPhone.Build.0 = Debug|Any CPU
		{AA856BFA-F7E3-4F8D-ADBD-92F6A3CDF06D}.Debug|iPhone.Deploy.0 = Debug|Any CPU
		{AA856BFA-F7E3-4F8D-ADBD-92F6A3CDF06D}.Debug|iPhoneSimulator.ActiveCfg = Debug|Any CPU
		{AA856BFA-F7E3-4F8D-ADBD-92F6A3CDF06D}.Debug|iPhoneSimulator.Build.0 = Debug|Any CPU
		{AA856BFA-F7E3-4F8D-ADBD-92F6A3CDF06D}.Debug|iPhoneSimulator.Deploy.0 = Debug|Any CPU
		{AA856BFA-F7E3-4F8D-ADBD-92F6A3CDF06D}.Debug|x64.ActiveCfg = Debug|Any CPU
		{AA856BFA-F7E3-4F8D-ADBD-92F6A3CDF06D}.Debug|x64.Build.0 = Debug|Any CPU
		{AA856BFA-F7E3-4F8D-ADBD-92F6A3CDF06D}.Debug|x64.Deploy.0 = Debug|Any CPU
		{AA856BFA-F7E3-4F8D-ADBD-92F6A3CDF06D}.Debug|x86.ActiveCfg = Debug|Any CPU
		{AA856BFA-F7E3-4F8D-ADBD-92F6A3CDF06D}.Debug|x86.Build.0 = Debug|Any CPU
		{AA856BFA-F7E3-4F8D-ADBD-92F6A3CDF06D}.Debug|x86.Deploy.0 = Debug|Any CPU
		{AA856BFA-F7E3-4F8D-ADBD-92F6A3CDF06D}.Packaging|Any CPU.ActiveCfg = Release|Any CPU
		{AA856BFA-F7E3-4F8D-ADBD-92F6A3CDF06D}.Packaging|Any CPU.Build.0 = Release|Any CPU
		{AA856BFA-F7E3-4F8D-ADBD-92F6A3CDF06D}.Packaging|Any CPU.Deploy.0 = Release|Any CPU
		{AA856BFA-F7E3-4F8D-ADBD-92F6A3CDF06D}.Packaging|ARM.ActiveCfg = Release|Any CPU
		{AA856BFA-F7E3-4F8D-ADBD-92F6A3CDF06D}.Packaging|ARM.Build.0 = Release|Any CPU
		{AA856BFA-F7E3-4F8D-ADBD-92F6A3CDF06D}.Packaging|ARM.Deploy.0 = Release|Any CPU
		{AA856BFA-F7E3-4F8D-ADBD-92F6A3CDF06D}.Packaging|iPhone.ActiveCfg = Release|Any CPU
		{AA856BFA-F7E3-4F8D-ADBD-92F6A3CDF06D}.Packaging|iPhone.Build.0 = Release|Any CPU
		{AA856BFA-F7E3-4F8D-ADBD-92F6A3CDF06D}.Packaging|iPhone.Deploy.0 = Release|Any CPU
		{AA856BFA-F7E3-4F8D-ADBD-92F6A3CDF06D}.Packaging|iPhoneSimulator.ActiveCfg = Release|Any CPU
		{AA856BFA-F7E3-4F8D-ADBD-92F6A3CDF06D}.Packaging|iPhoneSimulator.Build.0 = Release|Any CPU
		{AA856BFA-F7E3-4F8D-ADBD-92F6A3CDF06D}.Packaging|iPhoneSimulator.Deploy.0 = Release|Any CPU
		{AA856BFA-F7E3-4F8D-ADBD-92F6A3CDF06D}.Packaging|x64.ActiveCfg = Release|Any CPU
		{AA856BFA-F7E3-4F8D-ADBD-92F6A3CDF06D}.Packaging|x64.Build.0 = Release|Any CPU
		{AA856BFA-F7E3-4F8D-ADBD-92F6A3CDF06D}.Packaging|x64.Deploy.0 = Release|Any CPU
		{AA856BFA-F7E3-4F8D-ADBD-92F6A3CDF06D}.Packaging|x86.ActiveCfg = Release|Any CPU
		{AA856BFA-F7E3-4F8D-ADBD-92F6A3CDF06D}.Packaging|x86.Build.0 = Release|Any CPU
		{AA856BFA-F7E3-4F8D-ADBD-92F6A3CDF06D}.Packaging|x86.Deploy.0 = Release|Any CPU
		{AA856BFA-F7E3-4F8D-ADBD-92F6A3CDF06D}.Release|Any CPU.ActiveCfg = Release|Any CPU
		{AA856BFA-F7E3-4F8D-ADBD-92F6A3CDF06D}.Release|Any CPU.Build.0 = Release|Any CPU
		{AA856BFA-F7E3-4F8D-ADBD-92F6A3CDF06D}.Release|Any CPU.Deploy.0 = Release|Any CPU
		{AA856BFA-F7E3-4F8D-ADBD-92F6A3CDF06D}.Release|ARM.ActiveCfg = Release|Any CPU
		{AA856BFA-F7E3-4F8D-ADBD-92F6A3CDF06D}.Release|ARM.Build.0 = Release|Any CPU
		{AA856BFA-F7E3-4F8D-ADBD-92F6A3CDF06D}.Release|ARM.Deploy.0 = Release|Any CPU
		{AA856BFA-F7E3-4F8D-ADBD-92F6A3CDF06D}.Release|iPhone.ActiveCfg = Release|Any CPU
		{AA856BFA-F7E3-4F8D-ADBD-92F6A3CDF06D}.Release|iPhone.Build.0 = Release|Any CPU
		{AA856BFA-F7E3-4F8D-ADBD-92F6A3CDF06D}.Release|iPhone.Deploy.0 = Release|Any CPU
		{AA856BFA-F7E3-4F8D-ADBD-92F6A3CDF06D}.Release|iPhoneSimulator.ActiveCfg = Release|Any CPU
		{AA856BFA-F7E3-4F8D-ADBD-92F6A3CDF06D}.Release|iPhoneSimulator.Build.0 = Release|Any CPU
		{AA856BFA-F7E3-4F8D-ADBD-92F6A3CDF06D}.Release|iPhoneSimulator.Deploy.0 = Release|Any CPU
		{AA856BFA-F7E3-4F8D-ADBD-92F6A3CDF06D}.Release|x64.ActiveCfg = Release|Any CPU
		{AA856BFA-F7E3-4F8D-ADBD-92F6A3CDF06D}.Release|x64.Build.0 = Release|Any CPU
		{AA856BFA-F7E3-4F8D-ADBD-92F6A3CDF06D}.Release|x64.Deploy.0 = Release|Any CPU
		{AA856BFA-F7E3-4F8D-ADBD-92F6A3CDF06D}.Release|x86.ActiveCfg = Release|Any CPU
		{AA856BFA-F7E3-4F8D-ADBD-92F6A3CDF06D}.Release|x86.Build.0 = Release|Any CPU
		{AA856BFA-F7E3-4F8D-ADBD-92F6A3CDF06D}.Release|x86.Deploy.0 = Release|Any CPU
		{90761AC7-47B9-4F60-B79E-4C917628F441}.Ad-Hoc|Any CPU.ActiveCfg = Ad-Hoc|iPhone
		{90761AC7-47B9-4F60-B79E-4C917628F441}.Ad-Hoc|ARM.ActiveCfg = Ad-Hoc|iPhone
		{90761AC7-47B9-4F60-B79E-4C917628F441}.Ad-Hoc|iPhone.ActiveCfg = Ad-Hoc|iPhone
		{90761AC7-47B9-4F60-B79E-4C917628F441}.Ad-Hoc|iPhone.Build.0 = Ad-Hoc|iPhone
		{90761AC7-47B9-4F60-B79E-4C917628F441}.Ad-Hoc|iPhoneSimulator.ActiveCfg = Ad-Hoc|iPhoneSimulator
		{90761AC7-47B9-4F60-B79E-4C917628F441}.Ad-Hoc|iPhoneSimulator.Build.0 = Ad-Hoc|iPhoneSimulator
		{90761AC7-47B9-4F60-B79E-4C917628F441}.Ad-Hoc|x64.ActiveCfg = Ad-Hoc|iPhone
		{90761AC7-47B9-4F60-B79E-4C917628F441}.Ad-Hoc|x86.ActiveCfg = Ad-Hoc|iPhone
		{90761AC7-47B9-4F60-B79E-4C917628F441}.AppStore|Any CPU.ActiveCfg = AppStore|iPhone
		{90761AC7-47B9-4F60-B79E-4C917628F441}.AppStore|ARM.ActiveCfg = AppStore|iPhone
		{90761AC7-47B9-4F60-B79E-4C917628F441}.AppStore|iPhone.ActiveCfg = AppStore|iPhone
		{90761AC7-47B9-4F60-B79E-4C917628F441}.AppStore|iPhone.Build.0 = AppStore|iPhone
		{90761AC7-47B9-4F60-B79E-4C917628F441}.AppStore|iPhoneSimulator.ActiveCfg = AppStore|iPhoneSimulator
		{90761AC7-47B9-4F60-B79E-4C917628F441}.AppStore|iPhoneSimulator.Build.0 = AppStore|iPhoneSimulator
		{90761AC7-47B9-4F60-B79E-4C917628F441}.AppStore|x64.ActiveCfg = AppStore|iPhone
		{90761AC7-47B9-4F60-B79E-4C917628F441}.AppStore|x86.ActiveCfg = AppStore|iPhone
		{90761AC7-47B9-4F60-B79E-4C917628F441}.Debug|Any CPU.ActiveCfg = Debug|iPhone
		{90761AC7-47B9-4F60-B79E-4C917628F441}.Debug|ARM.ActiveCfg = Debug|iPhone
		{90761AC7-47B9-4F60-B79E-4C917628F441}.Debug|iPhone.ActiveCfg = Debug|iPhone
		{90761AC7-47B9-4F60-B79E-4C917628F441}.Debug|iPhone.Build.0 = Debug|iPhone
		{90761AC7-47B9-4F60-B79E-4C917628F441}.Debug|iPhoneSimulator.ActiveCfg = Debug|iPhoneSimulator
		{90761AC7-47B9-4F60-B79E-4C917628F441}.Debug|iPhoneSimulator.Build.0 = Debug|iPhoneSimulator
		{90761AC7-47B9-4F60-B79E-4C917628F441}.Debug|x64.ActiveCfg = Debug|iPhone
		{90761AC7-47B9-4F60-B79E-4C917628F441}.Debug|x86.ActiveCfg = Debug|iPhone
		{90761AC7-47B9-4F60-B79E-4C917628F441}.Packaging|Any CPU.ActiveCfg = AppStore|iPhone
		{90761AC7-47B9-4F60-B79E-4C917628F441}.Packaging|Any CPU.Build.0 = AppStore|iPhone
		{90761AC7-47B9-4F60-B79E-4C917628F441}.Packaging|ARM.ActiveCfg = AppStore|iPhone
		{90761AC7-47B9-4F60-B79E-4C917628F441}.Packaging|ARM.Build.0 = AppStore|iPhone
		{90761AC7-47B9-4F60-B79E-4C917628F441}.Packaging|iPhone.ActiveCfg = AppStore|iPhone
		{90761AC7-47B9-4F60-B79E-4C917628F441}.Packaging|iPhone.Build.0 = AppStore|iPhone
		{90761AC7-47B9-4F60-B79E-4C917628F441}.Packaging|iPhoneSimulator.ActiveCfg = AppStore|iPhoneSimulator
		{90761AC7-47B9-4F60-B79E-4C917628F441}.Packaging|iPhoneSimulator.Build.0 = AppStore|iPhoneSimulator
		{90761AC7-47B9-4F60-B79E-4C917628F441}.Packaging|x64.ActiveCfg = AppStore|iPhone
		{90761AC7-47B9-4F60-B79E-4C917628F441}.Packaging|x64.Build.0 = AppStore|iPhone
		{90761AC7-47B9-4F60-B79E-4C917628F441}.Packaging|x86.ActiveCfg = AppStore|iPhone
		{90761AC7-47B9-4F60-B79E-4C917628F441}.Packaging|x86.Build.0 = AppStore|iPhone
		{90761AC7-47B9-4F60-B79E-4C917628F441}.Release|Any CPU.ActiveCfg = Release|iPhone
		{90761AC7-47B9-4F60-B79E-4C917628F441}.Release|ARM.ActiveCfg = Release|iPhone
		{90761AC7-47B9-4F60-B79E-4C917628F441}.Release|iPhone.ActiveCfg = Release|iPhone
		{90761AC7-47B9-4F60-B79E-4C917628F441}.Release|iPhone.Build.0 = Release|iPhone
		{90761AC7-47B9-4F60-B79E-4C917628F441}.Release|iPhoneSimulator.ActiveCfg = Release|iPhoneSimulator
		{90761AC7-47B9-4F60-B79E-4C917628F441}.Release|iPhoneSimulator.Build.0 = Release|iPhoneSimulator
		{90761AC7-47B9-4F60-B79E-4C917628F441}.Release|x64.ActiveCfg = Release|iPhone
		{90761AC7-47B9-4F60-B79E-4C917628F441}.Release|x86.ActiveCfg = Release|iPhone
		{5615E423-D0FD-4F99-A99C-061679615CEE}.Ad-Hoc|Any CPU.ActiveCfg = Packaging|Any CPU
		{5615E423-D0FD-4F99-A99C-061679615CEE}.Ad-Hoc|Any CPU.Build.0 = Packaging|Any CPU
		{5615E423-D0FD-4F99-A99C-061679615CEE}.Ad-Hoc|ARM.ActiveCfg = Packaging|Any CPU
		{5615E423-D0FD-4F99-A99C-061679615CEE}.Ad-Hoc|ARM.Build.0 = Packaging|Any CPU
		{5615E423-D0FD-4F99-A99C-061679615CEE}.Ad-Hoc|iPhone.ActiveCfg = Packaging|Any CPU
		{5615E423-D0FD-4F99-A99C-061679615CEE}.Ad-Hoc|iPhone.Build.0 = Packaging|Any CPU
		{5615E423-D0FD-4F99-A99C-061679615CEE}.Ad-Hoc|iPhoneSimulator.ActiveCfg = Packaging|Any CPU
		{5615E423-D0FD-4F99-A99C-061679615CEE}.Ad-Hoc|iPhoneSimulator.Build.0 = Packaging|Any CPU
		{5615E423-D0FD-4F99-A99C-061679615CEE}.Ad-Hoc|x64.ActiveCfg = Packaging|Any CPU
		{5615E423-D0FD-4F99-A99C-061679615CEE}.Ad-Hoc|x64.Build.0 = Packaging|Any CPU
		{5615E423-D0FD-4F99-A99C-061679615CEE}.Ad-Hoc|x86.ActiveCfg = Packaging|Any CPU
		{5615E423-D0FD-4F99-A99C-061679615CEE}.Ad-Hoc|x86.Build.0 = Packaging|Any CPU
		{5615E423-D0FD-4F99-A99C-061679615CEE}.AppStore|Any CPU.ActiveCfg = Packaging|Any CPU
		{5615E423-D0FD-4F99-A99C-061679615CEE}.AppStore|Any CPU.Build.0 = Packaging|Any CPU
		{5615E423-D0FD-4F99-A99C-061679615CEE}.AppStore|ARM.ActiveCfg = Packaging|Any CPU
		{5615E423-D0FD-4F99-A99C-061679615CEE}.AppStore|ARM.Build.0 = Packaging|Any CPU
		{5615E423-D0FD-4F99-A99C-061679615CEE}.AppStore|iPhone.ActiveCfg = Packaging|Any CPU
		{5615E423-D0FD-4F99-A99C-061679615CEE}.AppStore|iPhone.Build.0 = Packaging|Any CPU
		{5615E423-D0FD-4F99-A99C-061679615CEE}.AppStore|iPhoneSimulator.ActiveCfg = Packaging|Any CPU
		{5615E423-D0FD-4F99-A99C-061679615CEE}.AppStore|iPhoneSimulator.Build.0 = Packaging|Any CPU
		{5615E423-D0FD-4F99-A99C-061679615CEE}.AppStore|x64.ActiveCfg = Packaging|Any CPU
		{5615E423-D0FD-4F99-A99C-061679615CEE}.AppStore|x64.Build.0 = Packaging|Any CPU
		{5615E423-D0FD-4F99-A99C-061679615CEE}.AppStore|x86.ActiveCfg = Packaging|Any CPU
		{5615E423-D0FD-4F99-A99C-061679615CEE}.AppStore|x86.Build.0 = Packaging|Any CPU
		{5615E423-D0FD-4F99-A99C-061679615CEE}.Debug|Any CPU.ActiveCfg = Debug|Any CPU
		{5615E423-D0FD-4F99-A99C-061679615CEE}.Debug|Any CPU.Build.0 = Debug|Any CPU
		{5615E423-D0FD-4F99-A99C-061679615CEE}.Debug|ARM.ActiveCfg = Debug|Any CPU
		{5615E423-D0FD-4F99-A99C-061679615CEE}.Debug|ARM.Build.0 = Debug|Any CPU
		{5615E423-D0FD-4F99-A99C-061679615CEE}.Debug|iPhone.ActiveCfg = Debug|Any CPU
		{5615E423-D0FD-4F99-A99C-061679615CEE}.Debug|iPhone.Build.0 = Debug|Any CPU
		{5615E423-D0FD-4F99-A99C-061679615CEE}.Debug|iPhoneSimulator.ActiveCfg = Debug|Any CPU
		{5615E423-D0FD-4F99-A99C-061679615CEE}.Debug|iPhoneSimulator.Build.0 = Debug|Any CPU
		{5615E423-D0FD-4F99-A99C-061679615CEE}.Debug|x64.ActiveCfg = Debug|Any CPU
		{5615E423-D0FD-4F99-A99C-061679615CEE}.Debug|x64.Build.0 = Debug|Any CPU
		{5615E423-D0FD-4F99-A99C-061679615CEE}.Debug|x86.ActiveCfg = Debug|Any CPU
		{5615E423-D0FD-4F99-A99C-061679615CEE}.Debug|x86.Build.0 = Debug|Any CPU
		{5615E423-D0FD-4F99-A99C-061679615CEE}.Packaging|Any CPU.ActiveCfg = Packaging|Any CPU
		{5615E423-D0FD-4F99-A99C-061679615CEE}.Packaging|Any CPU.Build.0 = Packaging|Any CPU
		{5615E423-D0FD-4F99-A99C-061679615CEE}.Packaging|ARM.ActiveCfg = Packaging|Any CPU
		{5615E423-D0FD-4F99-A99C-061679615CEE}.Packaging|ARM.Build.0 = Packaging|Any CPU
		{5615E423-D0FD-4F99-A99C-061679615CEE}.Packaging|iPhone.ActiveCfg = Packaging|Any CPU
		{5615E423-D0FD-4F99-A99C-061679615CEE}.Packaging|iPhone.Build.0 = Packaging|Any CPU
		{5615E423-D0FD-4F99-A99C-061679615CEE}.Packaging|iPhoneSimulator.ActiveCfg = Packaging|Any CPU
		{5615E423-D0FD-4F99-A99C-061679615CEE}.Packaging|iPhoneSimulator.Build.0 = Packaging|Any CPU
		{5615E423-D0FD-4F99-A99C-061679615CEE}.Packaging|x64.ActiveCfg = Packaging|Any CPU
		{5615E423-D0FD-4F99-A99C-061679615CEE}.Packaging|x64.Build.0 = Packaging|Any CPU
		{5615E423-D0FD-4F99-A99C-061679615CEE}.Packaging|x86.ActiveCfg = Packaging|Any CPU
		{5615E423-D0FD-4F99-A99C-061679615CEE}.Packaging|x86.Build.0 = Packaging|Any CPU
		{5615E423-D0FD-4F99-A99C-061679615CEE}.Release|Any CPU.ActiveCfg = Release|Any CPU
		{5615E423-D0FD-4F99-A99C-061679615CEE}.Release|Any CPU.Build.0 = Release|Any CPU
		{5615E423-D0FD-4F99-A99C-061679615CEE}.Release|ARM.ActiveCfg = Release|Any CPU
		{5615E423-D0FD-4F99-A99C-061679615CEE}.Release|ARM.Build.0 = Release|Any CPU
		{5615E423-D0FD-4F99-A99C-061679615CEE}.Release|iPhone.ActiveCfg = Release|Any CPU
		{5615E423-D0FD-4F99-A99C-061679615CEE}.Release|iPhone.Build.0 = Release|Any CPU
		{5615E423-D0FD-4F99-A99C-061679615CEE}.Release|iPhoneSimulator.ActiveCfg = Release|Any CPU
		{5615E423-D0FD-4F99-A99C-061679615CEE}.Release|iPhoneSimulator.Build.0 = Release|Any CPU
		{5615E423-D0FD-4F99-A99C-061679615CEE}.Release|x64.ActiveCfg = Release|Any CPU
		{5615E423-D0FD-4F99-A99C-061679615CEE}.Release|x64.Build.0 = Release|Any CPU
		{5615E423-D0FD-4F99-A99C-061679615CEE}.Release|x86.ActiveCfg = Release|Any CPU
		{5615E423-D0FD-4F99-A99C-061679615CEE}.Release|x86.Build.0 = Release|Any CPU
		{443E1BEE-43B3-45A1-ACEA-F7BA71BDAAB1}.Ad-Hoc|Any CPU.ActiveCfg = Packaging|Any CPU
		{443E1BEE-43B3-45A1-ACEA-F7BA71BDAAB1}.Ad-Hoc|Any CPU.Build.0 = Packaging|Any CPU
		{443E1BEE-43B3-45A1-ACEA-F7BA71BDAAB1}.Ad-Hoc|ARM.ActiveCfg = Packaging|Any CPU
		{443E1BEE-43B3-45A1-ACEA-F7BA71BDAAB1}.Ad-Hoc|ARM.Build.0 = Packaging|Any CPU
		{443E1BEE-43B3-45A1-ACEA-F7BA71BDAAB1}.Ad-Hoc|iPhone.ActiveCfg = Packaging|Any CPU
		{443E1BEE-43B3-45A1-ACEA-F7BA71BDAAB1}.Ad-Hoc|iPhone.Build.0 = Packaging|Any CPU
		{443E1BEE-43B3-45A1-ACEA-F7BA71BDAAB1}.Ad-Hoc|iPhoneSimulator.ActiveCfg = Packaging|Any CPU
		{443E1BEE-43B3-45A1-ACEA-F7BA71BDAAB1}.Ad-Hoc|iPhoneSimulator.Build.0 = Packaging|Any CPU
		{443E1BEE-43B3-45A1-ACEA-F7BA71BDAAB1}.Ad-Hoc|x64.ActiveCfg = Packaging|Any CPU
		{443E1BEE-43B3-45A1-ACEA-F7BA71BDAAB1}.Ad-Hoc|x64.Build.0 = Packaging|Any CPU
		{443E1BEE-43B3-45A1-ACEA-F7BA71BDAAB1}.Ad-Hoc|x86.ActiveCfg = Packaging|Any CPU
		{443E1BEE-43B3-45A1-ACEA-F7BA71BDAAB1}.Ad-Hoc|x86.Build.0 = Packaging|Any CPU
		{443E1BEE-43B3-45A1-ACEA-F7BA71BDAAB1}.AppStore|Any CPU.ActiveCfg = Packaging|Any CPU
		{443E1BEE-43B3-45A1-ACEA-F7BA71BDAAB1}.AppStore|Any CPU.Build.0 = Packaging|Any CPU
		{443E1BEE-43B3-45A1-ACEA-F7BA71BDAAB1}.AppStore|ARM.ActiveCfg = Packaging|Any CPU
		{443E1BEE-43B3-45A1-ACEA-F7BA71BDAAB1}.AppStore|ARM.Build.0 = Packaging|Any CPU
		{443E1BEE-43B3-45A1-ACEA-F7BA71BDAAB1}.AppStore|iPhone.ActiveCfg = Packaging|Any CPU
		{443E1BEE-43B3-45A1-ACEA-F7BA71BDAAB1}.AppStore|iPhone.Build.0 = Packaging|Any CPU
		{443E1BEE-43B3-45A1-ACEA-F7BA71BDAAB1}.AppStore|iPhoneSimulator.ActiveCfg = Packaging|Any CPU
		{443E1BEE-43B3-45A1-ACEA-F7BA71BDAAB1}.AppStore|iPhoneSimulator.Build.0 = Packaging|Any CPU
		{443E1BEE-43B3-45A1-ACEA-F7BA71BDAAB1}.AppStore|x64.ActiveCfg = Packaging|Any CPU
		{443E1BEE-43B3-45A1-ACEA-F7BA71BDAAB1}.AppStore|x64.Build.0 = Packaging|Any CPU
		{443E1BEE-43B3-45A1-ACEA-F7BA71BDAAB1}.AppStore|x86.ActiveCfg = Packaging|Any CPU
		{443E1BEE-43B3-45A1-ACEA-F7BA71BDAAB1}.AppStore|x86.Build.0 = Packaging|Any CPU
		{443E1BEE-43B3-45A1-ACEA-F7BA71BDAAB1}.Debug|Any CPU.ActiveCfg = Debug|Any CPU
		{443E1BEE-43B3-45A1-ACEA-F7BA71BDAAB1}.Debug|Any CPU.Build.0 = Debug|Any CPU
		{443E1BEE-43B3-45A1-ACEA-F7BA71BDAAB1}.Debug|ARM.ActiveCfg = Debug|Any CPU
		{443E1BEE-43B3-45A1-ACEA-F7BA71BDAAB1}.Debug|ARM.Build.0 = Debug|Any CPU
		{443E1BEE-43B3-45A1-ACEA-F7BA71BDAAB1}.Debug|iPhone.ActiveCfg = Debug|Any CPU
		{443E1BEE-43B3-45A1-ACEA-F7BA71BDAAB1}.Debug|iPhone.Build.0 = Debug|Any CPU
		{443E1BEE-43B3-45A1-ACEA-F7BA71BDAAB1}.Debug|iPhoneSimulator.ActiveCfg = Debug|Any CPU
		{443E1BEE-43B3-45A1-ACEA-F7BA71BDAAB1}.Debug|iPhoneSimulator.Build.0 = Debug|Any CPU
		{443E1BEE-43B3-45A1-ACEA-F7BA71BDAAB1}.Debug|x64.ActiveCfg = Debug|Any CPU
		{443E1BEE-43B3-45A1-ACEA-F7BA71BDAAB1}.Debug|x64.Build.0 = Debug|Any CPU
		{443E1BEE-43B3-45A1-ACEA-F7BA71BDAAB1}.Debug|x86.ActiveCfg = Debug|Any CPU
		{443E1BEE-43B3-45A1-ACEA-F7BA71BDAAB1}.Debug|x86.Build.0 = Debug|Any CPU
		{443E1BEE-43B3-45A1-ACEA-F7BA71BDAAB1}.Packaging|Any CPU.ActiveCfg = Packaging|Any CPU
		{443E1BEE-43B3-45A1-ACEA-F7BA71BDAAB1}.Packaging|Any CPU.Build.0 = Packaging|Any CPU
		{443E1BEE-43B3-45A1-ACEA-F7BA71BDAAB1}.Packaging|ARM.ActiveCfg = Packaging|Any CPU
		{443E1BEE-43B3-45A1-ACEA-F7BA71BDAAB1}.Packaging|ARM.Build.0 = Packaging|Any CPU
		{443E1BEE-43B3-45A1-ACEA-F7BA71BDAAB1}.Packaging|iPhone.ActiveCfg = Packaging|Any CPU
		{443E1BEE-43B3-45A1-ACEA-F7BA71BDAAB1}.Packaging|iPhone.Build.0 = Packaging|Any CPU
		{443E1BEE-43B3-45A1-ACEA-F7BA71BDAAB1}.Packaging|iPhoneSimulator.ActiveCfg = Packaging|Any CPU
		{443E1BEE-43B3-45A1-ACEA-F7BA71BDAAB1}.Packaging|iPhoneSimulator.Build.0 = Packaging|Any CPU
		{443E1BEE-43B3-45A1-ACEA-F7BA71BDAAB1}.Packaging|x64.ActiveCfg = Packaging|Any CPU
		{443E1BEE-43B3-45A1-ACEA-F7BA71BDAAB1}.Packaging|x64.Build.0 = Packaging|Any CPU
		{443E1BEE-43B3-45A1-ACEA-F7BA71BDAAB1}.Packaging|x86.ActiveCfg = Packaging|Any CPU
		{443E1BEE-43B3-45A1-ACEA-F7BA71BDAAB1}.Packaging|x86.Build.0 = Packaging|Any CPU
		{443E1BEE-43B3-45A1-ACEA-F7BA71BDAAB1}.Release|Any CPU.ActiveCfg = Release|Any CPU
		{443E1BEE-43B3-45A1-ACEA-F7BA71BDAAB1}.Release|Any CPU.Build.0 = Release|Any CPU
		{443E1BEE-43B3-45A1-ACEA-F7BA71BDAAB1}.Release|ARM.ActiveCfg = Release|Any CPU
		{443E1BEE-43B3-45A1-ACEA-F7BA71BDAAB1}.Release|ARM.Build.0 = Release|Any CPU
		{443E1BEE-43B3-45A1-ACEA-F7BA71BDAAB1}.Release|iPhone.ActiveCfg = Release|Any CPU
		{443E1BEE-43B3-45A1-ACEA-F7BA71BDAAB1}.Release|iPhone.Build.0 = Release|Any CPU
		{443E1BEE-43B3-45A1-ACEA-F7BA71BDAAB1}.Release|iPhoneSimulator.ActiveCfg = Release|Any CPU
		{443E1BEE-43B3-45A1-ACEA-F7BA71BDAAB1}.Release|iPhoneSimulator.Build.0 = Release|Any CPU
		{443E1BEE-43B3-45A1-ACEA-F7BA71BDAAB1}.Release|x64.ActiveCfg = Release|Any CPU
		{443E1BEE-43B3-45A1-ACEA-F7BA71BDAAB1}.Release|x64.Build.0 = Release|Any CPU
		{443E1BEE-43B3-45A1-ACEA-F7BA71BDAAB1}.Release|x86.ActiveCfg = Release|Any CPU
		{443E1BEE-43B3-45A1-ACEA-F7BA71BDAAB1}.Release|x86.Build.0 = Release|Any CPU
		{DCE46CB2-0317-4A62-9613-AE6A240C46DB}.Ad-Hoc|Any CPU.ActiveCfg = Release|Any CPU
		{DCE46CB2-0317-4A62-9613-AE6A240C46DB}.Ad-Hoc|Any CPU.Build.0 = Release|Any CPU
		{DCE46CB2-0317-4A62-9613-AE6A240C46DB}.Ad-Hoc|ARM.ActiveCfg = Release|Any CPU
		{DCE46CB2-0317-4A62-9613-AE6A240C46DB}.Ad-Hoc|ARM.Build.0 = Release|Any CPU
		{DCE46CB2-0317-4A62-9613-AE6A240C46DB}.Ad-Hoc|iPhone.ActiveCfg = Release|Any CPU
		{DCE46CB2-0317-4A62-9613-AE6A240C46DB}.Ad-Hoc|iPhone.Build.0 = Release|Any CPU
		{DCE46CB2-0317-4A62-9613-AE6A240C46DB}.Ad-Hoc|iPhoneSimulator.ActiveCfg = Release|Any CPU
		{DCE46CB2-0317-4A62-9613-AE6A240C46DB}.Ad-Hoc|iPhoneSimulator.Build.0 = Release|Any CPU
		{DCE46CB2-0317-4A62-9613-AE6A240C46DB}.Ad-Hoc|x64.ActiveCfg = Release|Any CPU
		{DCE46CB2-0317-4A62-9613-AE6A240C46DB}.Ad-Hoc|x64.Build.0 = Release|Any CPU
		{DCE46CB2-0317-4A62-9613-AE6A240C46DB}.Ad-Hoc|x86.ActiveCfg = Release|Any CPU
		{DCE46CB2-0317-4A62-9613-AE6A240C46DB}.Ad-Hoc|x86.Build.0 = Release|Any CPU
		{DCE46CB2-0317-4A62-9613-AE6A240C46DB}.AppStore|Any CPU.ActiveCfg = Release|Any CPU
		{DCE46CB2-0317-4A62-9613-AE6A240C46DB}.AppStore|Any CPU.Build.0 = Release|Any CPU
		{DCE46CB2-0317-4A62-9613-AE6A240C46DB}.AppStore|ARM.ActiveCfg = Release|Any CPU
		{DCE46CB2-0317-4A62-9613-AE6A240C46DB}.AppStore|ARM.Build.0 = Release|Any CPU
		{DCE46CB2-0317-4A62-9613-AE6A240C46DB}.AppStore|iPhone.ActiveCfg = Release|Any CPU
		{DCE46CB2-0317-4A62-9613-AE6A240C46DB}.AppStore|iPhone.Build.0 = Release|Any CPU
		{DCE46CB2-0317-4A62-9613-AE6A240C46DB}.AppStore|iPhoneSimulator.ActiveCfg = Release|Any CPU
		{DCE46CB2-0317-4A62-9613-AE6A240C46DB}.AppStore|iPhoneSimulator.Build.0 = Release|Any CPU
		{DCE46CB2-0317-4A62-9613-AE6A240C46DB}.AppStore|x64.ActiveCfg = Release|Any CPU
		{DCE46CB2-0317-4A62-9613-AE6A240C46DB}.AppStore|x64.Build.0 = Release|Any CPU
		{DCE46CB2-0317-4A62-9613-AE6A240C46DB}.AppStore|x86.ActiveCfg = Release|Any CPU
		{DCE46CB2-0317-4A62-9613-AE6A240C46DB}.AppStore|x86.Build.0 = Release|Any CPU
		{DCE46CB2-0317-4A62-9613-AE6A240C46DB}.Debug|Any CPU.ActiveCfg = Debug|Any CPU
		{DCE46CB2-0317-4A62-9613-AE6A240C46DB}.Debug|Any CPU.Build.0 = Debug|Any CPU
		{DCE46CB2-0317-4A62-9613-AE6A240C46DB}.Debug|ARM.ActiveCfg = Debug|Any CPU
		{DCE46CB2-0317-4A62-9613-AE6A240C46DB}.Debug|ARM.Build.0 = Debug|Any CPU
		{DCE46CB2-0317-4A62-9613-AE6A240C46DB}.Debug|iPhone.ActiveCfg = Debug|Any CPU
		{DCE46CB2-0317-4A62-9613-AE6A240C46DB}.Debug|iPhone.Build.0 = Debug|Any CPU
		{DCE46CB2-0317-4A62-9613-AE6A240C46DB}.Debug|iPhoneSimulator.ActiveCfg = Debug|Any CPU
		{DCE46CB2-0317-4A62-9613-AE6A240C46DB}.Debug|iPhoneSimulator.Build.0 = Debug|Any CPU
		{DCE46CB2-0317-4A62-9613-AE6A240C46DB}.Debug|x64.ActiveCfg = Debug|Any CPU
		{DCE46CB2-0317-4A62-9613-AE6A240C46DB}.Debug|x64.Build.0 = Debug|Any CPU
		{DCE46CB2-0317-4A62-9613-AE6A240C46DB}.Debug|x86.ActiveCfg = Debug|Any CPU
		{DCE46CB2-0317-4A62-9613-AE6A240C46DB}.Debug|x86.Build.0 = Debug|Any CPU
		{DCE46CB2-0317-4A62-9613-AE6A240C46DB}.Packaging|Any CPU.ActiveCfg = Release|Any CPU
		{DCE46CB2-0317-4A62-9613-AE6A240C46DB}.Packaging|Any CPU.Build.0 = Release|Any CPU
		{DCE46CB2-0317-4A62-9613-AE6A240C46DB}.Packaging|ARM.ActiveCfg = Release|Any CPU
		{DCE46CB2-0317-4A62-9613-AE6A240C46DB}.Packaging|ARM.Build.0 = Release|Any CPU
		{DCE46CB2-0317-4A62-9613-AE6A240C46DB}.Packaging|iPhone.ActiveCfg = Release|Any CPU
		{DCE46CB2-0317-4A62-9613-AE6A240C46DB}.Packaging|iPhone.Build.0 = Release|Any CPU
		{DCE46CB2-0317-4A62-9613-AE6A240C46DB}.Packaging|iPhoneSimulator.ActiveCfg = Release|Any CPU
		{DCE46CB2-0317-4A62-9613-AE6A240C46DB}.Packaging|iPhoneSimulator.Build.0 = Release|Any CPU
		{DCE46CB2-0317-4A62-9613-AE6A240C46DB}.Packaging|x64.ActiveCfg = Release|Any CPU
		{DCE46CB2-0317-4A62-9613-AE6A240C46DB}.Packaging|x64.Build.0 = Release|Any CPU
		{DCE46CB2-0317-4A62-9613-AE6A240C46DB}.Packaging|x86.ActiveCfg = Release|Any CPU
		{DCE46CB2-0317-4A62-9613-AE6A240C46DB}.Packaging|x86.Build.0 = Release|Any CPU
		{DCE46CB2-0317-4A62-9613-AE6A240C46DB}.Release|Any CPU.ActiveCfg = Release|Any CPU
		{DCE46CB2-0317-4A62-9613-AE6A240C46DB}.Release|Any CPU.Build.0 = Release|Any CPU
		{DCE46CB2-0317-4A62-9613-AE6A240C46DB}.Release|ARM.ActiveCfg = Release|Any CPU
		{DCE46CB2-0317-4A62-9613-AE6A240C46DB}.Release|ARM.Build.0 = Release|Any CPU
		{DCE46CB2-0317-4A62-9613-AE6A240C46DB}.Release|iPhone.ActiveCfg = Release|Any CPU
		{DCE46CB2-0317-4A62-9613-AE6A240C46DB}.Release|iPhone.Build.0 = Release|Any CPU
		{DCE46CB2-0317-4A62-9613-AE6A240C46DB}.Release|iPhoneSimulator.ActiveCfg = Release|Any CPU
		{DCE46CB2-0317-4A62-9613-AE6A240C46DB}.Release|iPhoneSimulator.Build.0 = Release|Any CPU
		{DCE46CB2-0317-4A62-9613-AE6A240C46DB}.Release|x64.ActiveCfg = Release|Any CPU
		{DCE46CB2-0317-4A62-9613-AE6A240C46DB}.Release|x64.Build.0 = Release|Any CPU
		{DCE46CB2-0317-4A62-9613-AE6A240C46DB}.Release|x86.ActiveCfg = Release|Any CPU
		{DCE46CB2-0317-4A62-9613-AE6A240C46DB}.Release|x86.Build.0 = Release|Any CPU
		{E1153FA4-356A-454D-B32E-136102F2482F}.Ad-Hoc|Any CPU.ActiveCfg = Release|Any CPU
		{E1153FA4-356A-454D-B32E-136102F2482F}.Ad-Hoc|Any CPU.Build.0 = Release|Any CPU
		{E1153FA4-356A-454D-B32E-136102F2482F}.Ad-Hoc|ARM.ActiveCfg = Release|Any CPU
		{E1153FA4-356A-454D-B32E-136102F2482F}.Ad-Hoc|ARM.Build.0 = Release|Any CPU
		{E1153FA4-356A-454D-B32E-136102F2482F}.Ad-Hoc|iPhone.ActiveCfg = Release|Any CPU
		{E1153FA4-356A-454D-B32E-136102F2482F}.Ad-Hoc|iPhone.Build.0 = Release|Any CPU
		{E1153FA4-356A-454D-B32E-136102F2482F}.Ad-Hoc|iPhoneSimulator.ActiveCfg = Release|Any CPU
		{E1153FA4-356A-454D-B32E-136102F2482F}.Ad-Hoc|iPhoneSimulator.Build.0 = Release|Any CPU
		{E1153FA4-356A-454D-B32E-136102F2482F}.Ad-Hoc|x64.ActiveCfg = Release|Any CPU
		{E1153FA4-356A-454D-B32E-136102F2482F}.Ad-Hoc|x64.Build.0 = Release|Any CPU
		{E1153FA4-356A-454D-B32E-136102F2482F}.Ad-Hoc|x86.ActiveCfg = Release|Any CPU
		{E1153FA4-356A-454D-B32E-136102F2482F}.Ad-Hoc|x86.Build.0 = Release|Any CPU
		{E1153FA4-356A-454D-B32E-136102F2482F}.AppStore|Any CPU.ActiveCfg = Release|Any CPU
		{E1153FA4-356A-454D-B32E-136102F2482F}.AppStore|Any CPU.Build.0 = Release|Any CPU
		{E1153FA4-356A-454D-B32E-136102F2482F}.AppStore|ARM.ActiveCfg = Release|Any CPU
		{E1153FA4-356A-454D-B32E-136102F2482F}.AppStore|ARM.Build.0 = Release|Any CPU
		{E1153FA4-356A-454D-B32E-136102F2482F}.AppStore|iPhone.ActiveCfg = Release|Any CPU
		{E1153FA4-356A-454D-B32E-136102F2482F}.AppStore|iPhone.Build.0 = Release|Any CPU
		{E1153FA4-356A-454D-B32E-136102F2482F}.AppStore|iPhoneSimulator.ActiveCfg = Release|Any CPU
		{E1153FA4-356A-454D-B32E-136102F2482F}.AppStore|iPhoneSimulator.Build.0 = Release|Any CPU
		{E1153FA4-356A-454D-B32E-136102F2482F}.AppStore|x64.ActiveCfg = Release|Any CPU
		{E1153FA4-356A-454D-B32E-136102F2482F}.AppStore|x64.Build.0 = Release|Any CPU
		{E1153FA4-356A-454D-B32E-136102F2482F}.AppStore|x86.ActiveCfg = Release|Any CPU
		{E1153FA4-356A-454D-B32E-136102F2482F}.AppStore|x86.Build.0 = Release|Any CPU
		{E1153FA4-356A-454D-B32E-136102F2482F}.Debug|Any CPU.ActiveCfg = Debug|Any CPU
		{E1153FA4-356A-454D-B32E-136102F2482F}.Debug|Any CPU.Build.0 = Debug|Any CPU
		{E1153FA4-356A-454D-B32E-136102F2482F}.Debug|ARM.ActiveCfg = Debug|Any CPU
		{E1153FA4-356A-454D-B32E-136102F2482F}.Debug|ARM.Build.0 = Debug|Any CPU
		{E1153FA4-356A-454D-B32E-136102F2482F}.Debug|iPhone.ActiveCfg = Debug|Any CPU
		{E1153FA4-356A-454D-B32E-136102F2482F}.Debug|iPhone.Build.0 = Debug|Any CPU
		{E1153FA4-356A-454D-B32E-136102F2482F}.Debug|iPhoneSimulator.ActiveCfg = Debug|Any CPU
		{E1153FA4-356A-454D-B32E-136102F2482F}.Debug|iPhoneSimulator.Build.0 = Debug|Any CPU
		{E1153FA4-356A-454D-B32E-136102F2482F}.Debug|x64.ActiveCfg = Debug|Any CPU
		{E1153FA4-356A-454D-B32E-136102F2482F}.Debug|x64.Build.0 = Debug|Any CPU
		{E1153FA4-356A-454D-B32E-136102F2482F}.Debug|x86.ActiveCfg = Debug|Any CPU
		{E1153FA4-356A-454D-B32E-136102F2482F}.Debug|x86.Build.0 = Debug|Any CPU
		{E1153FA4-356A-454D-B32E-136102F2482F}.Packaging|Any CPU.ActiveCfg = Release|Any CPU
		{E1153FA4-356A-454D-B32E-136102F2482F}.Packaging|Any CPU.Build.0 = Release|Any CPU
		{E1153FA4-356A-454D-B32E-136102F2482F}.Packaging|ARM.ActiveCfg = Release|Any CPU
		{E1153FA4-356A-454D-B32E-136102F2482F}.Packaging|ARM.Build.0 = Release|Any CPU
		{E1153FA4-356A-454D-B32E-136102F2482F}.Packaging|iPhone.ActiveCfg = Release|Any CPU
		{E1153FA4-356A-454D-B32E-136102F2482F}.Packaging|iPhone.Build.0 = Release|Any CPU
		{E1153FA4-356A-454D-B32E-136102F2482F}.Packaging|iPhoneSimulator.ActiveCfg = Release|Any CPU
		{E1153FA4-356A-454D-B32E-136102F2482F}.Packaging|iPhoneSimulator.Build.0 = Release|Any CPU
		{E1153FA4-356A-454D-B32E-136102F2482F}.Packaging|x64.ActiveCfg = Release|Any CPU
		{E1153FA4-356A-454D-B32E-136102F2482F}.Packaging|x64.Build.0 = Release|Any CPU
		{E1153FA4-356A-454D-B32E-136102F2482F}.Packaging|x86.ActiveCfg = Release|Any CPU
		{E1153FA4-356A-454D-B32E-136102F2482F}.Packaging|x86.Build.0 = Release|Any CPU
		{E1153FA4-356A-454D-B32E-136102F2482F}.Release|Any CPU.ActiveCfg = Release|Any CPU
		{E1153FA4-356A-454D-B32E-136102F2482F}.Release|Any CPU.Build.0 = Release|Any CPU
		{E1153FA4-356A-454D-B32E-136102F2482F}.Release|ARM.ActiveCfg = Release|Any CPU
		{E1153FA4-356A-454D-B32E-136102F2482F}.Release|ARM.Build.0 = Release|Any CPU
		{E1153FA4-356A-454D-B32E-136102F2482F}.Release|iPhone.ActiveCfg = Release|Any CPU
		{E1153FA4-356A-454D-B32E-136102F2482F}.Release|iPhone.Build.0 = Release|Any CPU
		{E1153FA4-356A-454D-B32E-136102F2482F}.Release|iPhoneSimulator.ActiveCfg = Release|Any CPU
		{E1153FA4-356A-454D-B32E-136102F2482F}.Release|iPhoneSimulator.Build.0 = Release|Any CPU
		{E1153FA4-356A-454D-B32E-136102F2482F}.Release|x64.ActiveCfg = Release|Any CPU
		{E1153FA4-356A-454D-B32E-136102F2482F}.Release|x64.Build.0 = Release|Any CPU
		{E1153FA4-356A-454D-B32E-136102F2482F}.Release|x86.ActiveCfg = Release|Any CPU
		{E1153FA4-356A-454D-B32E-136102F2482F}.Release|x86.Build.0 = Release|Any CPU
		{48C07B5B-9EA5-458C-B4E0-B7EFB23A9126}.Ad-Hoc|Any CPU.ActiveCfg = Release|Any CPU
		{48C07B5B-9EA5-458C-B4E0-B7EFB23A9126}.Ad-Hoc|Any CPU.Build.0 = Release|Any CPU
		{48C07B5B-9EA5-458C-B4E0-B7EFB23A9126}.Ad-Hoc|ARM.ActiveCfg = Release|Any CPU
		{48C07B5B-9EA5-458C-B4E0-B7EFB23A9126}.Ad-Hoc|ARM.Build.0 = Release|Any CPU
		{48C07B5B-9EA5-458C-B4E0-B7EFB23A9126}.Ad-Hoc|iPhone.ActiveCfg = Release|Any CPU
		{48C07B5B-9EA5-458C-B4E0-B7EFB23A9126}.Ad-Hoc|iPhone.Build.0 = Release|Any CPU
		{48C07B5B-9EA5-458C-B4E0-B7EFB23A9126}.Ad-Hoc|iPhoneSimulator.ActiveCfg = Release|Any CPU
		{48C07B5B-9EA5-458C-B4E0-B7EFB23A9126}.Ad-Hoc|iPhoneSimulator.Build.0 = Release|Any CPU
		{48C07B5B-9EA5-458C-B4E0-B7EFB23A9126}.Ad-Hoc|x64.ActiveCfg = Release|Any CPU
		{48C07B5B-9EA5-458C-B4E0-B7EFB23A9126}.Ad-Hoc|x64.Build.0 = Release|Any CPU
		{48C07B5B-9EA5-458C-B4E0-B7EFB23A9126}.Ad-Hoc|x86.ActiveCfg = Release|Any CPU
		{48C07B5B-9EA5-458C-B4E0-B7EFB23A9126}.Ad-Hoc|x86.Build.0 = Release|Any CPU
		{48C07B5B-9EA5-458C-B4E0-B7EFB23A9126}.AppStore|Any CPU.ActiveCfg = Release|Any CPU
		{48C07B5B-9EA5-458C-B4E0-B7EFB23A9126}.AppStore|Any CPU.Build.0 = Release|Any CPU
		{48C07B5B-9EA5-458C-B4E0-B7EFB23A9126}.AppStore|ARM.ActiveCfg = Release|Any CPU
		{48C07B5B-9EA5-458C-B4E0-B7EFB23A9126}.AppStore|ARM.Build.0 = Release|Any CPU
		{48C07B5B-9EA5-458C-B4E0-B7EFB23A9126}.AppStore|iPhone.ActiveCfg = Release|Any CPU
		{48C07B5B-9EA5-458C-B4E0-B7EFB23A9126}.AppStore|iPhone.Build.0 = Release|Any CPU
		{48C07B5B-9EA5-458C-B4E0-B7EFB23A9126}.AppStore|iPhoneSimulator.ActiveCfg = Release|Any CPU
		{48C07B5B-9EA5-458C-B4E0-B7EFB23A9126}.AppStore|iPhoneSimulator.Build.0 = Release|Any CPU
		{48C07B5B-9EA5-458C-B4E0-B7EFB23A9126}.AppStore|x64.ActiveCfg = Release|Any CPU
		{48C07B5B-9EA5-458C-B4E0-B7EFB23A9126}.AppStore|x64.Build.0 = Release|Any CPU
		{48C07B5B-9EA5-458C-B4E0-B7EFB23A9126}.AppStore|x86.ActiveCfg = Release|Any CPU
		{48C07B5B-9EA5-458C-B4E0-B7EFB23A9126}.AppStore|x86.Build.0 = Release|Any CPU
		{48C07B5B-9EA5-458C-B4E0-B7EFB23A9126}.Debug|Any CPU.ActiveCfg = Debug|Any CPU
		{48C07B5B-9EA5-458C-B4E0-B7EFB23A9126}.Debug|Any CPU.Build.0 = Debug|Any CPU
		{48C07B5B-9EA5-458C-B4E0-B7EFB23A9126}.Debug|ARM.ActiveCfg = Debug|Any CPU
		{48C07B5B-9EA5-458C-B4E0-B7EFB23A9126}.Debug|ARM.Build.0 = Debug|Any CPU
		{48C07B5B-9EA5-458C-B4E0-B7EFB23A9126}.Debug|iPhone.ActiveCfg = Debug|Any CPU
		{48C07B5B-9EA5-458C-B4E0-B7EFB23A9126}.Debug|iPhone.Build.0 = Debug|Any CPU
		{48C07B5B-9EA5-458C-B4E0-B7EFB23A9126}.Debug|iPhoneSimulator.ActiveCfg = Debug|Any CPU
		{48C07B5B-9EA5-458C-B4E0-B7EFB23A9126}.Debug|iPhoneSimulator.Build.0 = Debug|Any CPU
		{48C07B5B-9EA5-458C-B4E0-B7EFB23A9126}.Debug|x64.ActiveCfg = Debug|Any CPU
		{48C07B5B-9EA5-458C-B4E0-B7EFB23A9126}.Debug|x64.Build.0 = Debug|Any CPU
		{48C07B5B-9EA5-458C-B4E0-B7EFB23A9126}.Debug|x86.ActiveCfg = Debug|Any CPU
		{48C07B5B-9EA5-458C-B4E0-B7EFB23A9126}.Debug|x86.Build.0 = Debug|Any CPU
		{48C07B5B-9EA5-458C-B4E0-B7EFB23A9126}.Packaging|Any CPU.ActiveCfg = Release|Any CPU
		{48C07B5B-9EA5-458C-B4E0-B7EFB23A9126}.Packaging|Any CPU.Build.0 = Release|Any CPU
		{48C07B5B-9EA5-458C-B4E0-B7EFB23A9126}.Packaging|ARM.ActiveCfg = Release|Any CPU
		{48C07B5B-9EA5-458C-B4E0-B7EFB23A9126}.Packaging|ARM.Build.0 = Release|Any CPU
		{48C07B5B-9EA5-458C-B4E0-B7EFB23A9126}.Packaging|iPhone.ActiveCfg = Release|Any CPU
		{48C07B5B-9EA5-458C-B4E0-B7EFB23A9126}.Packaging|iPhone.Build.0 = Release|Any CPU
		{48C07B5B-9EA5-458C-B4E0-B7EFB23A9126}.Packaging|iPhoneSimulator.ActiveCfg = Release|Any CPU
		{48C07B5B-9EA5-458C-B4E0-B7EFB23A9126}.Packaging|iPhoneSimulator.Build.0 = Release|Any CPU
		{48C07B5B-9EA5-458C-B4E0-B7EFB23A9126}.Packaging|x64.ActiveCfg = Release|Any CPU
		{48C07B5B-9EA5-458C-B4E0-B7EFB23A9126}.Packaging|x64.Build.0 = Release|Any CPU
		{48C07B5B-9EA5-458C-B4E0-B7EFB23A9126}.Packaging|x86.ActiveCfg = Release|Any CPU
		{48C07B5B-9EA5-458C-B4E0-B7EFB23A9126}.Packaging|x86.Build.0 = Release|Any CPU
		{48C07B5B-9EA5-458C-B4E0-B7EFB23A9126}.Release|Any CPU.ActiveCfg = Release|Any CPU
		{48C07B5B-9EA5-458C-B4E0-B7EFB23A9126}.Release|Any CPU.Build.0 = Release|Any CPU
		{48C07B5B-9EA5-458C-B4E0-B7EFB23A9126}.Release|ARM.ActiveCfg = Release|Any CPU
		{48C07B5B-9EA5-458C-B4E0-B7EFB23A9126}.Release|ARM.Build.0 = Release|Any CPU
		{48C07B5B-9EA5-458C-B4E0-B7EFB23A9126}.Release|iPhone.ActiveCfg = Release|Any CPU
		{48C07B5B-9EA5-458C-B4E0-B7EFB23A9126}.Release|iPhone.Build.0 = Release|Any CPU
		{48C07B5B-9EA5-458C-B4E0-B7EFB23A9126}.Release|iPhoneSimulator.ActiveCfg = Release|Any CPU
		{48C07B5B-9EA5-458C-B4E0-B7EFB23A9126}.Release|iPhoneSimulator.Build.0 = Release|Any CPU
		{48C07B5B-9EA5-458C-B4E0-B7EFB23A9126}.Release|x64.ActiveCfg = Release|Any CPU
		{48C07B5B-9EA5-458C-B4E0-B7EFB23A9126}.Release|x64.Build.0 = Release|Any CPU
		{48C07B5B-9EA5-458C-B4E0-B7EFB23A9126}.Release|x86.ActiveCfg = Release|Any CPU
		{48C07B5B-9EA5-458C-B4E0-B7EFB23A9126}.Release|x86.Build.0 = Release|Any CPU
	EndGlobalSection
	GlobalSection(SolutionProperties) = preSolution
		HideSolutionNode = FALSE
	EndGlobalSection
	GlobalSection(NestedProjects) = preSolution
		{5615E423-D0FD-4F99-A99C-061679615CEE} = {9F9B7465-A1CA-4DFF-A255-4AD9AC3EB391}
		{443E1BEE-43B3-45A1-ACEA-F7BA71BDAAB1} = {AB2AAF5A-98DC-497A-A90A-2A094DB8B677}
		{FF87EED7-5DE9-47E9-82F4-D1DF659D1DC2} = {E1B3AB99-61BD-4B31-BF7C-F89C5D913618}
		{DCE46CB2-0317-4A62-9613-AE6A240C46DB} = {AB2AAF5A-98DC-497A-A90A-2A094DB8B677}
		{9F9B7465-A1CA-4DFF-A255-4AD9AC3EB391} = {EB05DC15-64BC-4257-86F4-54B6DC132AE8}
		{AB2AAF5A-98DC-497A-A90A-2A094DB8B677} = {EB05DC15-64BC-4257-86F4-54B6DC132AE8}
		{E1B3AB99-61BD-4B31-BF7C-F89C5D913618} = {EB05DC15-64BC-4257-86F4-54B6DC132AE8}
		{E1153FA4-356A-454D-B32E-136102F2482F} = {9F9B7465-A1CA-4DFF-A255-4AD9AC3EB391}
		{891A08FC-F143-4325-BC16-B9864D036B99} = {E1B3AB99-61BD-4B31-BF7C-F89C5D913618}
	EndGlobalSection
EndGlobal
